// !$*UTF8*$!
{
	archiveVersion = 1;
	classes = {
	};
	objectVersion = 46;
	objects = {

/* Begin PBXBuildFile section */
		39F3F65F172A1B1E00A9821F /* UIKit.framework in Frameworks */ = {isa = PBXBuildFile; fileRef = 39F3F65E172A1B1E00A9821F /* UIKit.framework */; };
		39F3F661172A1B1E00A9821F /* Foundation.framework in Frameworks */ = {isa = PBXBuildFile; fileRef = 39F3F660172A1B1E00A9821F /* Foundation.framework */; };
		39F3F663172A1B1E00A9821F /* CoreGraphics.framework in Frameworks */ = {isa = PBXBuildFile; fileRef = 39F3F662172A1B1E00A9821F /* CoreGraphics.framework */; };
		39F3F669172A1B1E00A9821F /* InfoPlist.strings in Resources */ = {isa = PBXBuildFile; fileRef = 39F3F667172A1B1E00A9821F /* InfoPlist.strings */; };
		39F3F66B172A1B1E00A9821F /* main.m in Sources */ = {isa = PBXBuildFile; fileRef = 39F3F66A172A1B1E00A9821F /* main.m */; };
		39F3F66F172A1B1F00A9821F /* AppDelegate.m in Sources */ = {isa = PBXBuildFile; fileRef = 39F3F66E172A1B1F00A9821F /* AppDelegate.m */; };
		39F3F671172A1B1F00A9821F /* Default.png in Resources */ = {isa = PBXBuildFile; fileRef = 39F3F670172A1B1F00A9821F /* Default.png */; };
		39F3F673172A1B1F00A9821F /* Default@2x.png in Resources */ = {isa = PBXBuildFile; fileRef = 39F3F672172A1B1F00A9821F /* Default@2x.png */; };
		39F3F675172A1B1F00A9821F /* Default-568h@2x.png in Resources */ = {isa = PBXBuildFile; fileRef = 39F3F674172A1B1F00A9821F /* Default-568h@2x.png */; };
		39F3F678172A1B1F00A9821F /* ViewController.m in Sources */ = {isa = PBXBuildFile; fileRef = 39F3F677172A1B1F00A9821F /* ViewController.m */; };
		39F3F67B172A1B1F00A9821F /* ViewController.xib in Resources */ = {isa = PBXBuildFile; fileRef = 39F3F679172A1B1F00A9821F /* ViewController.xib */; };
/* End PBXBuildFile section */

/* Begin PBXFileReference section */
		39F3F65B172A1B1E00A9821F /* testApp.app */ = {isa = PBXFileReference; explicitFileType = wrapper.application; includeInIndex = 0; path = testApp.app; sourceTree = BUILT_PRODUCTS_DIR; };
		39F3F65E172A1B1E00A9821F /* UIKit.framework */ = {isa = PBXFileReference; lastKnownFileType = wrapper.framework; name = UIKit.framework; path = System/Library/Frameworks/UIKit.framework; sourceTree = SDKROOT; };
		39F3F660172A1B1E00A9821F /* Foundation.framework */ = {isa = PBXFileReference; lastKnownFileType = wrapper.framework; name = Foundation.framework; path = System/Library/Frameworks/Foundation.framework; sourceTree = SDKROOT; };
		39F3F662172A1B1E00A9821F /* CoreGraphics.framework */ = {isa = PBXFileReference; lastKnownFileType = wrapper.framework; name = CoreGraphics.framework; path = System/Library/Frameworks/CoreGraphics.framework; sourceTree = SDKROOT; };
		39F3F666172A1B1E00A9821F /* testApp-Info.plist */ = {isa = PBXFileReference; lastKnownFileType = text.plist.xml; path = "testApp-Info.plist"; sourceTree = "<group>"; };
		39F3F668172A1B1E00A9821F /* en */ = {isa = PBXFileReference; lastKnownFileType = text.plist.strings; name = en; path = en.lproj/InfoPlist.strings; sourceTree = "<group>"; };
		39F3F66A172A1B1E00A9821F /* main.m */ = {isa = PBXFileReference; lastKnownFileType = sourcecode.c.objc; path = main.m; sourceTree = "<group>"; };
		39F3F66C172A1B1E00A9821F /* testApp-Prefix.pch */ = {isa = PBXFileReference; lastKnownFileType = sourcecode.c.h; path = "testApp-Prefix.pch"; sourceTree = "<group>"; };
		39F3F66D172A1B1E00A9821F /* AppDelegate.h */ = {isa = PBXFileReference; lastKnownFileType = sourcecode.c.h; path = AppDelegate.h; sourceTree = "<group>"; };
		39F3F66E172A1B1F00A9821F /* AppDelegate.m */ = {isa = PBXFileReference; lastKnownFileType = sourcecode.c.objc; path = AppDelegate.m; sourceTree = "<group>"; };
		39F3F670172A1B1F00A9821F /* Default.png */ = {isa = PBXFileReference; lastKnownFileType = image.png; path = Default.png; sourceTree = "<group>"; };
		39F3F672172A1B1F00A9821F /* Default@2x.png */ = {isa = PBXFileReference; lastKnownFileType = image.png; path = "Default@2x.png"; sourceTree = "<group>"; };
		39F3F674172A1B1F00A9821F /* Default-568h@2x.png */ = {isa = PBXFileReference; lastKnownFileType = image.png; path = "Default-568h@2x.png"; sourceTree = "<group>"; };
		39F3F676172A1B1F00A9821F /* ViewController.h */ = {isa = PBXFileReference; lastKnownFileType = sourcecode.c.h; path = ViewController.h; sourceTree = "<group>"; };
		39F3F677172A1B1F00A9821F /* ViewController.m */ = {isa = PBXFileReference; lastKnownFileType = sourcecode.c.objc; path = ViewController.m; sourceTree = "<group>"; };
		39F3F67A172A1B1F00A9821F /* en */ = {isa = PBXFileReference; lastKnownFileType = file.xib; name = en; path = en.lproj/ViewController.xib; sourceTree = "<group>"; };
/* End PBXFileReference section */

/* Begin PBXFrameworksBuildPhase section */
		39F3F658172A1B1E00A9821F /* Frameworks */ = {
			isa = PBXFrameworksBuildPhase;
			buildActionMask = 2147483647;
			files = (
				39F3F65F172A1B1E00A9821F /* UIKit.framework in Frameworks */,
				39F3F661172A1B1E00A9821F /* Foundation.framework in Frameworks */,
				39F3F663172A1B1E00A9821F /* CoreGraphics.framework in Frameworks */,
			);
			runOnlyForDeploymentPostprocessing = 0;
		};
/* End PBXFrameworksBuildPhase section */

/* Begin PBXGroup section */
		39F3F652172A1B1E00A9821F = {
			isa = PBXGroup;
			children = (
				39F3F664172A1B1E00A9821F /* testApp */,
				39F3F65D172A1B1E00A9821F /* Frameworks */,
				39F3F65C172A1B1E00A9821F /* Products */,
			);
			sourceTree = "<group>";
		};
		39F3F65C172A1B1E00A9821F /* Products */ = {
			isa = PBXGroup;
			children = (
				39F3F65B172A1B1E00A9821F /* testApp.app */,
			);
			name = Products;
			sourceTree = "<group>";
		};
		39F3F65D172A1B1E00A9821F /* Frameworks */ = {
			isa = PBXGroup;
			children = (
				39F3F65E172A1B1E00A9821F /* UIKit.framework */,
				39F3F660172A1B1E00A9821F /* Foundation.framework */,
				39F3F662172A1B1E00A9821F /* CoreGraphics.framework */,
			);
			name = Frameworks;
			sourceTree = "<group>";
		};
		39F3F664172A1B1E00A9821F /* testApp */ = {
			isa = PBXGroup;
			children = (
				39F3F66D172A1B1E00A9821F /* AppDelegate.h */,
				39F3F66E172A1B1F00A9821F /* AppDelegate.m */,
				39F3F676172A1B1F00A9821F /* ViewController.h */,
				39F3F677172A1B1F00A9821F /* ViewController.m */,
				39F3F679172A1B1F00A9821F /* ViewController.xib */,
				39F3F665172A1B1E00A9821F /* Supporting Files */,
			);
			path = testApp;
			sourceTree = "<group>";
		};
		39F3F665172A1B1E00A9821F /* Supporting Files */ = {
			isa = PBXGroup;
			children = (
				39F3F666172A1B1E00A9821F /* testApp-Info.plist */,
				39F3F667172A1B1E00A9821F /* InfoPlist.strings */,
				39F3F66A172A1B1E00A9821F /* main.m */,
				39F3F66C172A1B1E00A9821F /* testApp-Prefix.pch */,
				39F3F670172A1B1F00A9821F /* Default.png */,
				39F3F672172A1B1F00A9821F /* Default@2x.png */,
				39F3F674172A1B1F00A9821F /* Default-568h@2x.png */,
			);
			name = "Supporting Files";
			sourceTree = "<group>";
		};
/* End PBXGroup section */

/* Begin PBXNativeTarget section */
		39F3F65A172A1B1E00A9821F /* testApp */ = {
			isa = PBXNativeTarget;
			buildConfigurationList = 39F3F67E172A1B1F00A9821F /* Build configuration list for PBXNativeTarget "testApp" */;
			buildPhases = (
				39F3F657172A1B1E00A9821F /* Sources */,
				39F3F658172A1B1E00A9821F /* Frameworks */,
				39F3F659172A1B1E00A9821F /* Resources */,
			);
			buildRules = (
			);
			dependencies = (
			);
			name = testApp;
			productName = testApp;
			productReference = 39F3F65B172A1B1E00A9821F /* testApp.app */;
			productType = "com.apple.product-type.application";
		};
/* End PBXNativeTarget section */

/* Begin PBXProject section */
		39F3F653172A1B1E00A9821F /* Project object */ = {
			isa = PBXProject;
			attributes = {
				LastUpgradeCheck = 0460;
				ORGANIZATIONNAME = "Gawain Bracy II";
			};
			buildConfigurationList = 39F3F656172A1B1E00A9821F /* Build configuration list for PBXProject "testApp" */;
			compatibilityVersion = "Xcode 3.2";
			developmentRegion = English;
			hasScannedForEncodings = 0;
			knownRegions = (
				en,
			);
			mainGroup = 39F3F652172A1B1E00A9821F;
			productRefGroup = 39F3F65C172A1B1E00A9821F /* Products */;
			projectDirPath = "";
			projectRoot = "";
			targets = (
				39F3F65A172A1B1E00A9821F /* testApp */,
			);
		};
/* End PBXProject section */

/* Begin PBXResourcesBuildPhase section */
		39F3F659172A1B1E00A9821F /* Resources */ = {
			isa = PBXResourcesBuildPhase;
			buildActionMask = 2147483647;
			files = (
				39F3F669172A1B1E00A9821F /* InfoPlist.strings in Resources */,
				39F3F671172A1B1F00A9821F /* Default.png in Resources */,
				39F3F673172A1B1F00A9821F /* Default@2x.png in Resources */,
				39F3F675172A1B1F00A9821F /* Default-568h@2x.png in Resources */,
				39F3F67B172A1B1F00A9821F /* ViewController.xib in Resources */,
			);
			runOnlyForDeploymentPostprocessing = 0;
		};
/* End PBXResourcesBuildPhase section */

/* Begin PBXSourcesBuildPhase section */
		39F3F657172A1B1E00A9821F /* Sources */ = {
			isa = PBXSourcesBuildPhase;
			buildActionMask = 2147483647;
			files = (
				39F3F66B172A1B1E00A9821F /* main.m in Sources */,
				39F3F66F172A1B1F00A9821F /* AppDelegate.m in Sources */,
				39F3F678172A1B1F00A9821F /* ViewController.m in Sources */,
			);
			runOnlyForDeploymentPostprocessing = 0;
		};
/* End PBXSourcesBuildPhase section */

/* Begin PBXVariantGroup section */
		39F3F667172A1B1E00A9821F /* InfoPlist.strings */ = {
			isa = PBXVariantGroup;
			children = (
				39F3F668172A1B1E00A9821F /* en */,
			);
			name = InfoPlist.strings;
			sourceTree = "<group>";
		};
		39F3F679172A1B1F00A9821F /* ViewController.xib */ = {
			isa = PBXVariantGroup;
			children = (
				39F3F67A172A1B1F00A9821F /* en */,
			);
			name = ViewController.xib;
			sourceTree = "<group>";
		};
/* End PBXVariantGroup section */

/* Begin XCBuildConfiguration section */
		39F3F67C172A1B1F00A9821F /* Debug */ = {
			isa = XCBuildConfiguration;
			buildSettings = {
				ALWAYS_SEARCH_USER_PATHS = NO;
				CLANG_CXX_LANGUAGE_STANDARD = "gnu++0x";
				CLANG_CXX_LIBRARY = "libc++";
				CLANG_WARN_CONSTANT_CONVERSION = YES;
				CLANG_WARN_EMPTY_BODY = YES;
				CLANG_WARN_ENUM_CONVERSION = YES;
				CLANG_WARN_INT_CONVERSION = YES;
				CLANG_WARN__DUPLICATE_METHOD_MATCH = YES;
				"CODE_SIGN_IDENTITY[sdk=iphoneos*]" = "iPhone Developer";
				COPY_PHASE_STRIP = NO;
				GCC_C_LANGUAGE_STANDARD = gnu99;
				GCC_DYNAMIC_NO_PIC = NO;
				GCC_OPTIMIZATION_LEVEL = 0;
				GCC_PREPROCESSOR_DEFINITIONS = (
					"DEBUG=1",
					"$(inherited)",
				);
				GCC_SYMBOLS_PRIVATE_EXTERN = NO;
				GCC_WARN_ABOUT_RETURN_TYPE = YES;
				GCC_WARN_UNINITIALIZED_AUTOS = YES;
				GCC_WARN_UNUSED_VARIABLE = YES;
				IPHONEOS_DEPLOYMENT_TARGET = 6.1;
				ONLY_ACTIVE_ARCH = YES;
				SDKROOT = iphoneos;
			};
			name = Debug;
		};
		39F3F67D172A1B1F00A9821F /* Release */ = {
			isa = XCBuildConfiguration;
			buildSettings = {
				ALWAYS_SEARCH_USER_PATHS = NO;
				CLANG_CXX_LANGUAGE_STANDARD = "gnu++0x";
				CLANG_CXX_LIBRARY = "libc++";
				CLANG_WARN_CONSTANT_CONVERSION = YES;
				CLANG_WARN_EMPTY_BODY = YES;
				CLANG_WARN_ENUM_CONVERSION = YES;
				CLANG_WARN_INT_CONVERSION = YES;
				CLANG_WARN__DUPLICATE_METHOD_MATCH = YES;
				"CODE_SIGN_IDENTITY[sdk=iphoneos*]" = "iPhone Developer";
				COPY_PHASE_STRIP = YES;
				GCC_C_LANGUAGE_STANDARD = gnu99;
				GCC_WARN_ABOUT_RETURN_TYPE = YES;
				GCC_WARN_UNINITIALIZED_AUTOS = YES;
				GCC_WARN_UNUSED_VARIABLE = YES;
				IPHONEOS_DEPLOYMENT_TARGET = 6.1;
				OTHER_CFLAGS = "-DNS_BLOCK_ASSERTIONS=1";
				SDKROOT = iphoneos;
				VALIDATE_PRODUCT = YES;
			};
			name = Release;
		};
		39F3F67F172A1B1F00A9821F /* Debug */ = {
			isa = XCBuildConfiguration;
			buildSettings = {
				GCC_PRECOMPILE_PREFIX_HEADER = YES;
				GCC_PREFIX_HEADER = "testApp/testApp-Prefix.pch";
				INFOPLIST_FILE = "testApp/testApp-Info.plist";
				PRODUCT_NAME = "$(TARGET_NAME)";
				WRAPPER_EXTENSION = app;
			};
			name = Debug;
		};
		39F3F680172A1B1F00A9821F /* Release */ = {
			isa = XCBuildConfiguration;
			buildSettings = {
				GCC_PRECOMPILE_PREFIX_HEADER = YES;
				GCC_PREFIX_HEADER = "testApp/testApp-Prefix.pch";
				INFOPLIST_FILE = "testApp/testApp-Info.plist";
				PRODUCT_NAME = "$(TARGET_NAME)";
				WRAPPER_EXTENSION = app;
			};
			name = Release;
		};
/* End XCBuildConfiguration section */

/* Begin XCConfigurationList section */
		39F3F656172A1B1E00A9821F /* Build configuration list for PBXProject "testApp" */ = {
			isa = XCConfigurationList;
			buildConfigurations = (
				39F3F67C172A1B1F00A9821F /* Debug */,
				39F3F67D172A1B1F00A9821F /* Release */,
			);
			defaultConfigurationIsVisible = 0;
			defaultConfigurationName = Release;
		};
		39F3F67E172A1B1F00A9821F /* Build configuration list for PBXNativeTarget "testApp" */ = {
			isa = XCConfigurationList;
			buildConfigurations = (
				39F3F67F172A1B1F00A9821F /* Debug */,
				39F3F680172A1B1F00A9821F /* Release */,
			);
			defaultConfigurationIsVisible = 0;
		};
/* End XCConfigurationList section */
	};
	rootObject = 39F3F653172A1B1E00A9821F /* Project object */;
}
