// !$*UTF8*$!
{
	archiveVersion = 1;
	classes = {
	};
	objectVersion = 46;
	objects = {

/* Begin PBXBuildFile section */
		398EDE5C16EF238700655F9D /* UIKit.framework in Frameworks */ = {isa = PBXBuildFile; fileRef = 398EDE5B16EF238700655F9D /* UIKit.framework */; };
		398EDE5E16EF238700655F9D /* Foundation.framework in Frameworks */ = {isa = PBXBuildFile; fileRef = 398EDE5D16EF238700655F9D /* Foundation.framework */; };
		398EDE6016EF238700655F9D /* CoreGraphics.framework in Frameworks */ = {isa = PBXBuildFile; fileRef = 398EDE5F16EF238700655F9D /* CoreGraphics.framework */; };
		398EDE6616EF238700655F9D /* InfoPlist.strings in Resources */ = {isa = PBXBuildFile; fileRef = 398EDE6416EF238700655F9D /* InfoPlist.strings */; };
		398EDE6816EF238700655F9D /* main.m in Sources */ = {isa = PBXBuildFile; fileRef = 398EDE6716EF238700655F9D /* main.m */; };
		398EDE6C16EF238700655F9D /* AppDelegate.m in Sources */ = {isa = PBXBuildFile; fileRef = 398EDE6B16EF238700655F9D /* AppDelegate.m */; };
		398EDE6E16EF238700655F9D /* Default.png in Resources */ = {isa = PBXBuildFile; fileRef = 398EDE6D16EF238700655F9D /* Default.png */; };
		398EDE7016EF238700655F9D /* Default@2x.png in Resources */ = {isa = PBXBuildFile; fileRef = 398EDE6F16EF238700655F9D /* Default@2x.png */; };
		398EDE7216EF238700655F9D /* Default-568h@2x.png in Resources */ = {isa = PBXBuildFile; fileRef = 398EDE7116EF238700655F9D /* Default-568h@2x.png */; };
		398EDE7516EF238700655F9D /* ViewController.m in Sources */ = {isa = PBXBuildFile; fileRef = 398EDE7416EF238700655F9D /* ViewController.m */; };
		398EDE7816EF238700655F9D /* ViewController.xib in Resources */ = {isa = PBXBuildFile; fileRef = 398EDE7616EF238700655F9D /* ViewController.xib */; };
/* End PBXBuildFile section */

/* Begin PBXFileReference section */
		398EDE5816EF238700655F9D /* singleViewTest.app */ = {isa = PBXFileReference; explicitFileType = wrapper.application; includeInIndex = 0; path = singleViewTest.app; sourceTree = BUILT_PRODUCTS_DIR; };
		398EDE5B16EF238700655F9D /* UIKit.framework */ = {isa = PBXFileReference; lastKnownFileType = wrapper.framework; name = UIKit.framework; path = System/Library/Frameworks/UIKit.framework; sourceTree = SDKROOT; };
		398EDE5D16EF238700655F9D /* Foundation.framework */ = {isa = PBXFileReference; lastKnownFileType = wrapper.framework; name = Foundation.framework; path = System/Library/Frameworks/Foundation.framework; sourceTree = SDKROOT; };
		398EDE5F16EF238700655F9D /* CoreGraphics.framework */ = {isa = PBXFileReference; lastKnownFileType = wrapper.framework; name = CoreGraphics.framework; path = System/Library/Frameworks/CoreGraphics.framework; sourceTree = SDKROOT; };
		398EDE6316EF238700655F9D /* singleViewTest-Info.plist */ = {isa = PBXFileReference; lastKnownFileType = text.plist.xml; path = "singleViewTest-Info.plist"; sourceTree = "<group>"; };
		398EDE6516EF238700655F9D /* en */ = {isa = PBXFileReference; lastKnownFileType = text.plist.strings; name = en; path = en.lproj/InfoPlist.strings; sourceTree = "<group>"; };
		398EDE6716EF238700655F9D /* main.m */ = {isa = PBXFileReference; lastKnownFileType = sourcecode.c.objc; path = main.m; sourceTree = "<group>"; };
		398EDE6916EF238700655F9D /* singleViewTest-Prefix.pch */ = {isa = PBXFileReference; lastKnownFileType = sourcecode.c.h; path = "singleViewTest-Prefix.pch"; sourceTree = "<group>"; };
		398EDE6A16EF238700655F9D /* AppDelegate.h */ = {isa = PBXFileReference; lastKnownFileType = sourcecode.c.h; path = AppDelegate.h; sourceTree = "<group>"; };
		398EDE6B16EF238700655F9D /* AppDelegate.m */ = {isa = PBXFileReference; lastKnownFileType = sourcecode.c.objc; path = AppDelegate.m; sourceTree = "<group>"; };
		398EDE6D16EF238700655F9D /* Default.png */ = {isa = PBXFileReference; lastKnownFileType = image.png; path = Default.png; sourceTree = "<group>"; };
		398EDE6F16EF238700655F9D /* Default@2x.png */ = {isa = PBXFileReference; lastKnownFileType = image.png; path = "Default@2x.png"; sourceTree = "<group>"; };
		398EDE7116EF238700655F9D /* Default-568h@2x.png */ = {isa = PBXFileReference; lastKnownFileType = image.png; path = "Default-568h@2x.png"; sourceTree = "<group>"; };
		398EDE7316EF238700655F9D /* ViewController.h */ = {isa = PBXFileReference; lastKnownFileType = sourcecode.c.h; path = ViewController.h; sourceTree = "<group>"; };
		398EDE7416EF238700655F9D /* ViewController.m */ = {isa = PBXFileReference; lastKnownFileType = sourcecode.c.objc; path = ViewController.m; sourceTree = "<group>"; };
		398EDE7716EF238700655F9D /* en */ = {isa = PBXFileReference; lastKnownFileType = file.xib; name = en; path = en.lproj/ViewController.xib; sourceTree = "<group>"; };
/* End PBXFileReference section */

/* Begin PBXFrameworksBuildPhase section */
		398EDE5516EF238700655F9D /* Frameworks */ = {
			isa = PBXFrameworksBuildPhase;
			buildActionMask = 2147483647;
			files = (
				398EDE5C16EF238700655F9D /* UIKit.framework in Frameworks */,
				398EDE5E16EF238700655F9D /* Foundation.framework in Frameworks */,
				398EDE6016EF238700655F9D /* CoreGraphics.framework in Frameworks */,
			);
			runOnlyForDeploymentPostprocessing = 0;
		};
/* End PBXFrameworksBuildPhase section */

/* Begin PBXGroup section */
		398EDE4F16EF238700655F9D = {
			isa = PBXGroup;
			children = (
				398EDE6116EF238700655F9D /* singleViewTest */,
				398EDE5A16EF238700655F9D /* Frameworks */,
				398EDE5916EF238700655F9D /* Products */,
			);
			sourceTree = "<group>";
		};
		398EDE5916EF238700655F9D /* Products */ = {
			isa = PBXGroup;
			children = (
				398EDE5816EF238700655F9D /* singleViewTest.app */,
			);
			name = Products;
			sourceTree = "<group>";
		};
		398EDE5A16EF238700655F9D /* Frameworks */ = {
			isa = PBXGroup;
			children = (
				398EDE5B16EF238700655F9D /* UIKit.framework */,
				398EDE5D16EF238700655F9D /* Foundation.framework */,
				398EDE5F16EF238700655F9D /* CoreGraphics.framework */,
			);
			name = Frameworks;
			sourceTree = "<group>";
		};
		398EDE6116EF238700655F9D /* singleViewTest */ = {
			isa = PBXGroup;
			children = (
				398EDE6A16EF238700655F9D /* AppDelegate.h */,
				398EDE6B16EF238700655F9D /* AppDelegate.m */,
				398EDE7316EF238700655F9D /* ViewController.h */,
				398EDE7416EF238700655F9D /* ViewController.m */,
				398EDE7616EF238700655F9D /* ViewController.xib */,
				398EDE6216EF238700655F9D /* Supporting Files */,
			);
			path = singleViewTest;
			sourceTree = "<group>";
		};
		398EDE6216EF238700655F9D /* Supporting Files */ = {
			isa = PBXGroup;
			children = (
				398EDE6316EF238700655F9D /* singleViewTest-Info.plist */,
				398EDE6416EF238700655F9D /* InfoPlist.strings */,
				398EDE6716EF238700655F9D /* main.m */,
				398EDE6916EF238700655F9D /* singleViewTest-Prefix.pch */,
				398EDE6D16EF238700655F9D /* Default.png */,
				398EDE6F16EF238700655F9D /* Default@2x.png */,
				398EDE7116EF238700655F9D /* Default-568h@2x.png */,
			);
			name = "Supporting Files";
			sourceTree = "<group>";
		};
/* End PBXGroup section */

/* Begin PBXNativeTarget section */
		398EDE5716EF238700655F9D /* singleViewTest */ = {
			isa = PBXNativeTarget;
			buildConfigurationList = 398EDE7B16EF238700655F9D /* Build configuration list for PBXNativeTarget "singleViewTest" */;
			buildPhases = (
				398EDE5416EF238700655F9D /* Sources */,
				398EDE5516EF238700655F9D /* Frameworks */,
				398EDE5616EF238700655F9D /* Resources */,
			);
			buildRules = (
			);
			dependencies = (
			);
			name = singleViewTest;
			productName = singleViewTest;
			productReference = 398EDE5816EF238700655F9D /* singleViewTest.app */;
			productType = "com.apple.product-type.application";
		};
/* End PBXNativeTarget section */

/* Begin PBXProject section */
		398EDE5016EF238700655F9D /* Project object */ = {
			isa = PBXProject;
			attributes = {
				LastUpgradeCheck = 0460;
				ORGANIZATIONNAME = "Gawain Bracy II";
			};
			buildConfigurationList = 398EDE5316EF238700655F9D /* Build configuration list for PBXProject "singleViewTest" */;
			compatibilityVersion = "Xcode 3.2";
			developmentRegion = English;
			hasScannedForEncodings = 0;
			knownRegions = (
				en,
			);
			mainGroup = 398EDE4F16EF238700655F9D;
			productRefGroup = 398EDE5916EF238700655F9D /* Products */;
			projectDirPath = "";
			projectRoot = "";
			targets = (
				398EDE5716EF238700655F9D /* singleViewTest */,
			);
		};
/* End PBXProject section */

/* Begin PBXResourcesBuildPhase section */
		398EDE5616EF238700655F9D /* Resources */ = {
			isa = PBXResourcesBuildPhase;
			buildActionMask = 2147483647;
			files = (
				398EDE6616EF238700655F9D /* InfoPlist.strings in Resources */,
				398EDE6E16EF238700655F9D /* Default.png in Resources */,
				398EDE7016EF238700655F9D /* Default@2x.png in Resources */,
				398EDE7216EF238700655F9D /* Default-568h@2x.png in Resources */,
				398EDE7816EF238700655F9D /* ViewController.xib in Resources */,
			);
			runOnlyForDeploymentPostprocessing = 0;
		};
/* End PBXResourcesBuildPhase section */

/* Begin PBXSourcesBuildPhase section */
		398EDE5416EF238700655F9D /* Sources */ = {
			isa = PBXSourcesBuildPhase;
			buildActionMask = 2147483647;
			files = (
				398EDE6816EF238700655F9D /* main.m in Sources */,
				398EDE6C16EF238700655F9D /* AppDelegate.m in Sources */,
				398EDE7516EF238700655F9D /* ViewController.m in Sources */,
			);
			runOnlyForDeploymentPostprocessing = 0;
		};
/* End PBXSourcesBuildPhase section */

/* Begin PBXVariantGroup section */
		398EDE6416EF238700655F9D /* InfoPlist.strings */ = {
			isa = PBXVariantGroup;
			children = (
				398EDE6516EF238700655F9D /* en */,
			);
			name = InfoPlist.strings;
			sourceTree = "<group>";
		};
		398EDE7616EF238700655F9D /* ViewController.xib */ = {
			isa = PBXVariantGroup;
			children = (
				398EDE7716EF238700655F9D /* en */,
			);
			name = ViewController.xib;
			sourceTree = "<group>";
		};
/* End PBXVariantGroup section */

/* Begin XCBuildConfiguration section */
		398EDE7916EF238700655F9D /* Debug */ = {
			isa = XCBuildConfiguration;
			buildSettings = {
				ALWAYS_SEARCH_USER_PATHS = NO;
				CLANG_CXX_LANGUAGE_STANDARD = "gnu++0x";
				CLANG_CXX_LIBRARY = "libc++";
				CLANG_WARN_CONSTANT_CONVERSION = YES;
				CLANG_WARN_EMPTY_BODY = YES;
				CLANG_WARN_ENUM_CONVERSION = YES;
				CLANG_WARN_INT_CONVERSION = YES;
				CLANG_WARN__DUPLICATE_METHOD_MATCH = YES;
				"CODE_SIGN_IDENTITY[sdk=iphoneos*]" = "iPhone Developer";
				COPY_PHASE_STRIP = NO;
				GCC_C_LANGUAGE_STANDARD = gnu99;
				GCC_DYNAMIC_NO_PIC = NO;
				GCC_OPTIMIZATION_LEVEL = 0;
				GCC_PREPROCESSOR_DEFINITIONS = (
					"DEBUG=1",
					"$(inherited)",
				);
				GCC_SYMBOLS_PRIVATE_EXTERN = NO;
				GCC_WARN_ABOUT_RETURN_TYPE = YES;
				GCC_WARN_UNINITIALIZED_AUTOS = YES;
				GCC_WARN_UNUSED_VARIABLE = YES;
				IPHONEOS_DEPLOYMENT_TARGET = 6.1;
				ONLY_ACTIVE_ARCH = YES;
				SDKROOT = iphoneos;
			};
			name = Debug;
		};
		398EDE7A16EF238700655F9D /* Release */ = {
			isa = XCBuildConfiguration;
			buildSettings = {
				ALWAYS_SEARCH_USER_PATHS = NO;
				CLANG_CXX_LANGUAGE_STANDARD = "gnu++0x";
				CLANG_CXX_LIBRARY = "libc++";
				CLANG_WARN_CONSTANT_CONVERSION = YES;
				CLANG_WARN_EMPTY_BODY = YES;
				CLANG_WARN_ENUM_CONVERSION = YES;
				CLANG_WARN_INT_CONVERSION = YES;
				CLANG_WARN__DUPLICATE_METHOD_MATCH = YES;
				"CODE_SIGN_IDENTITY[sdk=iphoneos*]" = "iPhone Developer";
				COPY_PHASE_STRIP = YES;
				GCC_C_LANGUAGE_STANDARD = gnu99;
				GCC_WARN_ABOUT_RETURN_TYPE = YES;
				GCC_WARN_UNINITIALIZED_AUTOS = YES;
				GCC_WARN_UNUSED_VARIABLE = YES;
				IPHONEOS_DEPLOYMENT_TARGET = 6.1;
				OTHER_CFLAGS = "-DNS_BLOCK_ASSERTIONS=1";
				SDKROOT = iphoneos;
				VALIDATE_PRODUCT = YES;
			};
			name = Release;
		};
		398EDE7C16EF238700655F9D /* Debug */ = {
			isa = XCBuildConfiguration;
			buildSettings = {
				GCC_PRECOMPILE_PREFIX_HEADER = YES;
				GCC_PREFIX_HEADER = "singleViewTest/singleViewTest-Prefix.pch";
				INFOPLIST_FILE = "singleViewTest/singleViewTest-Info.plist";
				PRODUCT_NAME = "$(TARGET_NAME)";
				WRAPPER_EXTENSION = app;
			};
			name = Debug;
		};
		398EDE7D16EF238700655F9D /* Release */ = {
			isa = XCBuildConfiguration;
			buildSettings = {
				GCC_PRECOMPILE_PREFIX_HEADER = YES;
				GCC_PREFIX_HEADER = "singleViewTest/singleViewTest-Prefix.pch";
				INFOPLIST_FILE = "singleViewTest/singleViewTest-Info.plist";
				PRODUCT_NAME = "$(TARGET_NAME)";
				WRAPPER_EXTENSION = app;
			};
			name = Release;
		};
/* End XCBuildConfiguration section */

/* Begin XCConfigurationList section */
		398EDE5316EF238700655F9D /* Build configuration list for PBXProject "singleViewTest" */ = {
			isa = XCConfigurationList;
			buildConfigurations = (
				398EDE7916EF238700655F9D /* Debug */,
				398EDE7A16EF238700655F9D /* Release */,
			);
			defaultConfigurationIsVisible = 0;
			defaultConfigurationName = Release;
		};
		398EDE7B16EF238700655F9D /* Build configuration list for PBXNativeTarget "singleViewTest" */ = {
			isa = XCConfigurationList;
			buildConfigurations = (
				398EDE7C16EF238700655F9D /* Debug */,
				398EDE7D16EF238700655F9D /* Release */,
			);
			defaultConfigurationIsVisible = 0;
		};
/* End XCConfigurationList section */
	};
	rootObject = 398EDE5016EF238700655F9D /* Project object */;
}
