// !$*UTF8*$!
{
	archiveVersion = 1;
	classes = {
	};
	objectVersion = 46;
	objects = {

/* Begin PBXBuildFile section */
		39388BB2171B8E4600C5A395 /* UIKit.framework in Frameworks */ = {isa = PBXBuildFile; fileRef = 39388BB1171B8E4600C5A395 /* UIKit.framework */; };
		39388BB4171B8E4600C5A395 /* Foundation.framework in Frameworks */ = {isa = PBXBuildFile; fileRef = 39388BB3171B8E4600C5A395 /* Foundation.framework */; };
		39388BB6171B8E4600C5A395 /* CoreGraphics.framework in Frameworks */ = {isa = PBXBuildFile; fileRef = 39388BB5171B8E4600C5A395 /* CoreGraphics.framework */; };
		39388BBC171B8E4600C5A395 /* InfoPlist.strings in Resources */ = {isa = PBXBuildFile; fileRef = 39388BBA171B8E4600C5A395 /* InfoPlist.strings */; };
		39388BBE171B8E4600C5A395 /* main.m in Sources */ = {isa = PBXBuildFile; fileRef = 39388BBD171B8E4600C5A395 /* main.m */; };
		39388BC2171B8E4600C5A395 /* AppDelegate.m in Sources */ = {isa = PBXBuildFile; fileRef = 39388BC1171B8E4600C5A395 /* AppDelegate.m */; };
		39388BC4171B8E4600C5A395 /* Default.png in Resources */ = {isa = PBXBuildFile; fileRef = 39388BC3171B8E4600C5A395 /* Default.png */; };
		39388BC6171B8E4600C5A395 /* Default@2x.png in Resources */ = {isa = PBXBuildFile; fileRef = 39388BC5171B8E4600C5A395 /* Default@2x.png */; };
		39388BC8171B8E4600C5A395 /* Default-568h@2x.png in Resources */ = {isa = PBXBuildFile; fileRef = 39388BC7171B8E4600C5A395 /* Default-568h@2x.png */; };
		39388BCB171B8E4600C5A395 /* ViewController.m in Sources */ = {isa = PBXBuildFile; fileRef = 39388BCA171B8E4600C5A395 /* ViewController.m */; };
		39388BCE171B8E4600C5A395 /* ViewController.xib in Resources */ = {isa = PBXBuildFile; fileRef = 39388BCC171B8E4600C5A395 /* ViewController.xib */; };
/* End PBXBuildFile section */

/* Begin PBXFileReference section */
		39388BAE171B8E4600C5A395 /* testApp2.app */ = {isa = PBXFileReference; explicitFileType = wrapper.application; includeInIndex = 0; path = testApp2.app; sourceTree = BUILT_PRODUCTS_DIR; };
		39388BB1171B8E4600C5A395 /* UIKit.framework */ = {isa = PBXFileReference; lastKnownFileType = wrapper.framework; name = UIKit.framework; path = System/Library/Frameworks/UIKit.framework; sourceTree = SDKROOT; };
		39388BB3171B8E4600C5A395 /* Foundation.framework */ = {isa = PBXFileReference; lastKnownFileType = wrapper.framework; name = Foundation.framework; path = System/Library/Frameworks/Foundation.framework; sourceTree = SDKROOT; };
		39388BB5171B8E4600C5A395 /* CoreGraphics.framework */ = {isa = PBXFileReference; lastKnownFileType = wrapper.framework; name = CoreGraphics.framework; path = System/Library/Frameworks/CoreGraphics.framework; sourceTree = SDKROOT; };
		39388BB9171B8E4600C5A395 /* testApp2-Info.plist */ = {isa = PBXFileReference; lastKnownFileType = text.plist.xml; path = "testApp2-Info.plist"; sourceTree = "<group>"; };
		39388BBB171B8E4600C5A395 /* en */ = {isa = PBXFileReference; lastKnownFileType = text.plist.strings; name = en; path = en.lproj/InfoPlist.strings; sourceTree = "<group>"; };
		39388BBD171B8E4600C5A395 /* main.m */ = {isa = PBXFileReference; lastKnownFileType = sourcecode.c.objc; path = main.m; sourceTree = "<group>"; };
		39388BBF171B8E4600C5A395 /* testApp2-Prefix.pch */ = {isa = PBXFileReference; lastKnownFileType = sourcecode.c.h; path = "testApp2-Prefix.pch"; sourceTree = "<group>"; };
		39388BC0171B8E4600C5A395 /* AppDelegate.h */ = {isa = PBXFileReference; lastKnownFileType = sourcecode.c.h; path = AppDelegate.h; sourceTree = "<group>"; };
		39388BC1171B8E4600C5A395 /* AppDelegate.m */ = {isa = PBXFileReference; lastKnownFileType = sourcecode.c.objc; path = AppDelegate.m; sourceTree = "<group>"; };
		39388BC3171B8E4600C5A395 /* Default.png */ = {isa = PBXFileReference; lastKnownFileType = image.png; path = Default.png; sourceTree = "<group>"; };
		39388BC5171B8E4600C5A395 /* Default@2x.png */ = {isa = PBXFileReference; lastKnownFileType = image.png; path = "Default@2x.png"; sourceTree = "<group>"; };
		39388BC7171B8E4600C5A395 /* Default-568h@2x.png */ = {isa = PBXFileReference; lastKnownFileType = image.png; path = "Default-568h@2x.png"; sourceTree = "<group>"; };
		39388BC9171B8E4600C5A395 /* ViewController.h */ = {isa = PBXFileReference; lastKnownFileType = sourcecode.c.h; path = ViewController.h; sourceTree = "<group>"; };
		39388BCA171B8E4600C5A395 /* ViewController.m */ = {isa = PBXFileReference; lastKnownFileType = sourcecode.c.objc; path = ViewController.m; sourceTree = "<group>"; };
		39388BCD171B8E4600C5A395 /* en */ = {isa = PBXFileReference; lastKnownFileType = file.xib; name = en; path = en.lproj/ViewController.xib; sourceTree = "<group>"; };
/* End PBXFileReference section */

/* Begin PBXFrameworksBuildPhase section */
		39388BAB171B8E4600C5A395 /* Frameworks */ = {
			isa = PBXFrameworksBuildPhase;
			buildActionMask = 2147483647;
			files = (
				39388BB2171B8E4600C5A395 /* UIKit.framework in Frameworks */,
				39388BB4171B8E4600C5A395 /* Foundation.framework in Frameworks */,
				39388BB6171B8E4600C5A395 /* CoreGraphics.framework in Frameworks */,
			);
			runOnlyForDeploymentPostprocessing = 0;
		};
/* End PBXFrameworksBuildPhase section */

/* Begin PBXGroup section */
		39388BA5171B8E4600C5A395 = {
			isa = PBXGroup;
			children = (
				39388BB7171B8E4600C5A395 /* testApp2 */,
				39388BB0171B8E4600C5A395 /* Frameworks */,
				39388BAF171B8E4600C5A395 /* Products */,
			);
			sourceTree = "<group>";
		};
		39388BAF171B8E4600C5A395 /* Products */ = {
			isa = PBXGroup;
			children = (
				39388BAE171B8E4600C5A395 /* testApp2.app */,
			);
			name = Products;
			sourceTree = "<group>";
		};
		39388BB0171B8E4600C5A395 /* Frameworks */ = {
			isa = PBXGroup;
			children = (
				39388BB1171B8E4600C5A395 /* UIKit.framework */,
				39388BB3171B8E4600C5A395 /* Foundation.framework */,
				39388BB5171B8E4600C5A395 /* CoreGraphics.framework */,
			);
			name = Frameworks;
			sourceTree = "<group>";
		};
		39388BB7171B8E4600C5A395 /* testApp2 */ = {
			isa = PBXGroup;
			children = (
				39388BC0171B8E4600C5A395 /* AppDelegate.h */,
				39388BC1171B8E4600C5A395 /* AppDelegate.m */,
				39388BC9171B8E4600C5A395 /* ViewController.h */,
				39388BCA171B8E4600C5A395 /* ViewController.m */,
				39388BCC171B8E4600C5A395 /* ViewController.xib */,
				39388BB8171B8E4600C5A395 /* Supporting Files */,
			);
			path = testApp2;
			sourceTree = "<group>";
		};
		39388BB8171B8E4600C5A395 /* Supporting Files */ = {
			isa = PBXGroup;
			children = (
				39388BB9171B8E4600C5A395 /* testApp2-Info.plist */,
				39388BBA171B8E4600C5A395 /* InfoPlist.strings */,
				39388BBD171B8E4600C5A395 /* main.m */,
				39388BBF171B8E4600C5A395 /* testApp2-Prefix.pch */,
				39388BC3171B8E4600C5A395 /* Default.png */,
				39388BC5171B8E4600C5A395 /* Default@2x.png */,
				39388BC7171B8E4600C5A395 /* Default-568h@2x.png */,
			);
			name = "Supporting Files";
			sourceTree = "<group>";
		};
/* End PBXGroup section */

/* Begin PBXNativeTarget section */
		39388BAD171B8E4600C5A395 /* testApp2 */ = {
			isa = PBXNativeTarget;
			buildConfigurationList = 39388BD1171B8E4600C5A395 /* Build configuration list for PBXNativeTarget "testApp2" */;
			buildPhases = (
				39388BAA171B8E4600C5A395 /* Sources */,
				39388BAB171B8E4600C5A395 /* Frameworks */,
				39388BAC171B8E4600C5A395 /* Resources */,
			);
			buildRules = (
			);
			dependencies = (
			);
			name = testApp2;
			productName = testApp2;
			productReference = 39388BAE171B8E4600C5A395 /* testApp2.app */;
			productType = "com.apple.product-type.application";
		};
/* End PBXNativeTarget section */

/* Begin PBXProject section */
		39388BA6171B8E4600C5A395 /* Project object */ = {
			isa = PBXProject;
			attributes = {
				LastUpgradeCheck = 0460;
				ORGANIZATIONNAME = "Gawain Bracy II";
			};
			buildConfigurationList = 39388BA9171B8E4600C5A395 /* Build configuration list for PBXProject "testApp2" */;
			compatibilityVersion = "Xcode 3.2";
			developmentRegion = English;
			hasScannedForEncodings = 0;
			knownRegions = (
				en,
			);
			mainGroup = 39388BA5171B8E4600C5A395;
			productRefGroup = 39388BAF171B8E4600C5A395 /* Products */;
			projectDirPath = "";
			projectRoot = "";
			targets = (
				39388BAD171B8E4600C5A395 /* testApp2 */,
			);
		};
/* End PBXProject section */

/* Begin PBXResourcesBuildPhase section */
		39388BAC171B8E4600C5A395 /* Resources */ = {
			isa = PBXResourcesBuildPhase;
			buildActionMask = 2147483647;
			files = (
				39388BBC171B8E4600C5A395 /* InfoPlist.strings in Resources */,
				39388BC4171B8E4600C5A395 /* Default.png in Resources */,
				39388BC6171B8E4600C5A395 /* Default@2x.png in Resources */,
				39388BC8171B8E4600C5A395 /* Default-568h@2x.png in Resources */,
				39388BCE171B8E4600C5A395 /* ViewController.xib in Resources */,
			);
			runOnlyForDeploymentPostprocessing = 0;
		};
/* End PBXResourcesBuildPhase section */

/* Begin PBXSourcesBuildPhase section */
		39388BAA171B8E4600C5A395 /* Sources */ = {
			isa = PBXSourcesBuildPhase;
			buildActionMask = 2147483647;
			files = (
				39388BBE171B8E4600C5A395 /* main.m in Sources */,
				39388BC2171B8E4600C5A395 /* AppDelegate.m in Sources */,
				39388BCB171B8E4600C5A395 /* ViewController.m in Sources */,
			);
			runOnlyForDeploymentPostprocessing = 0;
		};
/* End PBXSourcesBuildPhase section */

/* Begin PBXVariantGroup section */
		39388BBA171B8E4600C5A395 /* InfoPlist.strings */ = {
			isa = PBXVariantGroup;
			children = (
				39388BBB171B8E4600C5A395 /* en */,
			);
			name = InfoPlist.strings;
			sourceTree = "<group>";
		};
		39388BCC171B8E4600C5A395 /* ViewController.xib */ = {
			isa = PBXVariantGroup;
			children = (
				39388BCD171B8E4600C5A395 /* en */,
			);
			name = ViewController.xib;
			sourceTree = "<group>";
		};
/* End PBXVariantGroup section */

/* Begin XCBuildConfiguration section */
		39388BCF171B8E4600C5A395 /* Debug */ = {
			isa = XCBuildConfiguration;
			buildSettings = {
				ALWAYS_SEARCH_USER_PATHS = NO;
				CLANG_CXX_LANGUAGE_STANDARD = "gnu++0x";
				CLANG_CXX_LIBRARY = "libc++";
				CLANG_WARN_CONSTANT_CONVERSION = YES;
				CLANG_WARN_EMPTY_BODY = YES;
				CLANG_WARN_ENUM_CONVERSION = YES;
				CLANG_WARN_INT_CONVERSION = YES;
				CLANG_WARN__DUPLICATE_METHOD_MATCH = YES;
				"CODE_SIGN_IDENTITY[sdk=iphoneos*]" = "iPhone Developer";
				COPY_PHASE_STRIP = NO;
				GCC_C_LANGUAGE_STANDARD = gnu99;
				GCC_DYNAMIC_NO_PIC = NO;
				GCC_OPTIMIZATION_LEVEL = 0;
				GCC_PREPROCESSOR_DEFINITIONS = (
					"DEBUG=1",
					"$(inherited)",
				);
				GCC_SYMBOLS_PRIVATE_EXTERN = NO;
				GCC_WARN_ABOUT_RETURN_TYPE = YES;
				GCC_WARN_UNINITIALIZED_AUTOS = YES;
				GCC_WARN_UNUSED_VARIABLE = YES;
				IPHONEOS_DEPLOYMENT_TARGET = 6.1;
				ONLY_ACTIVE_ARCH = YES;
				SDKROOT = iphoneos;
			};
			name = Debug;
		};
		39388BD0171B8E4600C5A395 /* Release */ = {
			isa = XCBuildConfiguration;
			buildSettings = {
				ALWAYS_SEARCH_USER_PATHS = NO;
				CLANG_CXX_LANGUAGE_STANDARD = "gnu++0x";
				CLANG_CXX_LIBRARY = "libc++";
				CLANG_WARN_CONSTANT_CONVERSION = YES;
				CLANG_WARN_EMPTY_BODY = YES;
				CLANG_WARN_ENUM_CONVERSION = YES;
				CLANG_WARN_INT_CONVERSION = YES;
				CLANG_WARN__DUPLICATE_METHOD_MATCH = YES;
				"CODE_SIGN_IDENTITY[sdk=iphoneos*]" = "iPhone Developer";
				COPY_PHASE_STRIP = YES;
				GCC_C_LANGUAGE_STANDARD = gnu99;
				GCC_WARN_ABOUT_RETURN_TYPE = YES;
				GCC_WARN_UNINITIALIZED_AUTOS = YES;
				GCC_WARN_UNUSED_VARIABLE = YES;
				IPHONEOS_DEPLOYMENT_TARGET = 6.1;
				OTHER_CFLAGS = "-DNS_BLOCK_ASSERTIONS=1";
				SDKROOT = iphoneos;
				VALIDATE_PRODUCT = YES;
			};
			name = Release;
		};
		39388BD2171B8E4600C5A395 /* Debug */ = {
			isa = XCBuildConfiguration;
			buildSettings = {
				GCC_PRECOMPILE_PREFIX_HEADER = YES;
				GCC_PREFIX_HEADER = "testApp2/testApp2-Prefix.pch";
				INFOPLIST_FILE = "testApp2/testApp2-Info.plist";
				PRODUCT_NAME = "$(TARGET_NAME)";
				WRAPPER_EXTENSION = app;
			};
			name = Debug;
		};
		39388BD3171B8E4600C5A395 /* Release */ = {
			isa = XCBuildConfiguration;
			buildSettings = {
				GCC_PRECOMPILE_PREFIX_HEADER = YES;
				GCC_PREFIX_HEADER = "testApp2/testApp2-Prefix.pch";
				INFOPLIST_FILE = "testApp2/testApp2-Info.plist";
				PRODUCT_NAME = "$(TARGET_NAME)";
				WRAPPER_EXTENSION = app;
			};
			name = Release;
		};
/* End XCBuildConfiguration section */

/* Begin XCConfigurationList section */
		39388BA9171B8E4600C5A395 /* Build configuration list for PBXProject "testApp2" */ = {
			isa = XCConfigurationList;
			buildConfigurations = (
				39388BCF171B8E4600C5A395 /* Debug */,
				39388BD0171B8E4600C5A395 /* Release */,
			);
			defaultConfigurationIsVisible = 0;
			defaultConfigurationName = Release;
		};
		39388BD1171B8E4600C5A395 /* Build configuration list for PBXNativeTarget "testApp2" */ = {
			isa = XCConfigurationList;
			buildConfigurations = (
				39388BD2171B8E4600C5A395 /* Debug */,
				39388BD3171B8E4600C5A395 /* Release */,
			);
			defaultConfigurationIsVisible = 0;
		};
/* End XCConfigurationList section */
	};
	rootObject = 39388BA6171B8E4600C5A395 /* Project object */;
}
