// !$*UTF8*$!
{
	archiveVersion = 1;
	classes = {
	};
	objectVersion = 46;
	objects = {

/* Begin PBXBuildFile section */
		39823D5517051D0400B67620 /* UIKit.framework in Frameworks */ = {isa = PBXBuildFile; fileRef = 39823D5417051D0400B67620 /* UIKit.framework */; };
		39823D5717051D0400B67620 /* Foundation.framework in Frameworks */ = {isa = PBXBuildFile; fileRef = 39823D5617051D0400B67620 /* Foundation.framework */; };
		39823D5917051D0400B67620 /* CoreGraphics.framework in Frameworks */ = {isa = PBXBuildFile; fileRef = 39823D5817051D0400B67620 /* CoreGraphics.framework */; };
		39823D5F17051D0400B67620 /* InfoPlist.strings in Resources */ = {isa = PBXBuildFile; fileRef = 39823D5D17051D0400B67620 /* InfoPlist.strings */; };
		39823D6117051D0400B67620 /* main.m in Sources */ = {isa = PBXBuildFile; fileRef = 39823D6017051D0400B67620 /* main.m */; };
		39823D6517051D0400B67620 /* AppDelegate.m in Sources */ = {isa = PBXBuildFile; fileRef = 39823D6417051D0400B67620 /* AppDelegate.m */; };
		39823D6717051D0400B67620 /* Default.png in Resources */ = {isa = PBXBuildFile; fileRef = 39823D6617051D0400B67620 /* Default.png */; };
		39823D6917051D0400B67620 /* Default@2x.png in Resources */ = {isa = PBXBuildFile; fileRef = 39823D6817051D0400B67620 /* Default@2x.png */; };
		39823D6B17051D0400B67620 /* Default-568h@2x.png in Resources */ = {isa = PBXBuildFile; fileRef = 39823D6A17051D0400B67620 /* Default-568h@2x.png */; };
		39823D6E17051D0400B67620 /* ViewController.m in Sources */ = {isa = PBXBuildFile; fileRef = 39823D6D17051D0400B67620 /* ViewController.m */; };
		39823D7117051D0400B67620 /* ViewController.xib in Resources */ = {isa = PBXBuildFile; fileRef = 39823D6F17051D0400B67620 /* ViewController.xib */; };
/* End PBXBuildFile section */

/* Begin PBXFileReference section */
		39823D5117051D0400B67620 /* testApp.app */ = {isa = PBXFileReference; explicitFileType = wrapper.application; includeInIndex = 0; path = testApp.app; sourceTree = BUILT_PRODUCTS_DIR; };
		39823D5417051D0400B67620 /* UIKit.framework */ = {isa = PBXFileReference; lastKnownFileType = wrapper.framework; name = UIKit.framework; path = System/Library/Frameworks/UIKit.framework; sourceTree = SDKROOT; };
		39823D5617051D0400B67620 /* Foundation.framework */ = {isa = PBXFileReference; lastKnownFileType = wrapper.framework; name = Foundation.framework; path = System/Library/Frameworks/Foundation.framework; sourceTree = SDKROOT; };
		39823D5817051D0400B67620 /* CoreGraphics.framework */ = {isa = PBXFileReference; lastKnownFileType = wrapper.framework; name = CoreGraphics.framework; path = System/Library/Frameworks/CoreGraphics.framework; sourceTree = SDKROOT; };
		39823D5C17051D0400B67620 /* testApp-Info.plist */ = {isa = PBXFileReference; lastKnownFileType = text.plist.xml; path = "testApp-Info.plist"; sourceTree = "<group>"; };
		39823D5E17051D0400B67620 /* en */ = {isa = PBXFileReference; lastKnownFileType = text.plist.strings; name = en; path = en.lproj/InfoPlist.strings; sourceTree = "<group>"; };
		39823D6017051D0400B67620 /* main.m */ = {isa = PBXFileReference; lastKnownFileType = sourcecode.c.objc; path = main.m; sourceTree = "<group>"; };
		39823D6217051D0400B67620 /* testApp-Prefix.pch */ = {isa = PBXFileReference; lastKnownFileType = sourcecode.c.h; path = "testApp-Prefix.pch"; sourceTree = "<group>"; };
		39823D6317051D0400B67620 /* AppDelegate.h */ = {isa = PBXFileReference; lastKnownFileType = sourcecode.c.h; path = AppDelegate.h; sourceTree = "<group>"; };
		39823D6417051D0400B67620 /* AppDelegate.m */ = {isa = PBXFileReference; lastKnownFileType = sourcecode.c.objc; path = AppDelegate.m; sourceTree = "<group>"; };
		39823D6617051D0400B67620 /* Default.png */ = {isa = PBXFileReference; lastKnownFileType = image.png; path = Default.png; sourceTree = "<group>"; };
		39823D6817051D0400B67620 /* Default@2x.png */ = {isa = PBXFileReference; lastKnownFileType = image.png; path = "Default@2x.png"; sourceTree = "<group>"; };
		39823D6A17051D0400B67620 /* Default-568h@2x.png */ = {isa = PBXFileReference; lastKnownFileType = image.png; path = "Default-568h@2x.png"; sourceTree = "<group>"; };
		39823D6C17051D0400B67620 /* ViewController.h */ = {isa = PBXFileReference; lastKnownFileType = sourcecode.c.h; path = ViewController.h; sourceTree = "<group>"; };
		39823D6D17051D0400B67620 /* ViewController.m */ = {isa = PBXFileReference; lastKnownFileType = sourcecode.c.objc; path = ViewController.m; sourceTree = "<group>"; };
		39823D7017051D0400B67620 /* en */ = {isa = PBXFileReference; lastKnownFileType = file.xib; name = en; path = en.lproj/ViewController.xib; sourceTree = "<group>"; };
/* End PBXFileReference section */

/* Begin PBXFrameworksBuildPhase section */
		39823D4E17051D0400B67620 /* Frameworks */ = {
			isa = PBXFrameworksBuildPhase;
			buildActionMask = 2147483647;
			files = (
				39823D5517051D0400B67620 /* UIKit.framework in Frameworks */,
				39823D5717051D0400B67620 /* Foundation.framework in Frameworks */,
				39823D5917051D0400B67620 /* CoreGraphics.framework in Frameworks */,
			);
			runOnlyForDeploymentPostprocessing = 0;
		};
/* End PBXFrameworksBuildPhase section */

/* Begin PBXGroup section */
		39823D4817051D0400B67620 = {
			isa = PBXGroup;
			children = (
				39823D5A17051D0400B67620 /* testApp */,
				39823D5317051D0400B67620 /* Frameworks */,
				39823D5217051D0400B67620 /* Products */,
			);
			sourceTree = "<group>";
		};
		39823D5217051D0400B67620 /* Products */ = {
			isa = PBXGroup;
			children = (
				39823D5117051D0400B67620 /* testApp.app */,
			);
			name = Products;
			sourceTree = "<group>";
		};
		39823D5317051D0400B67620 /* Frameworks */ = {
			isa = PBXGroup;
			children = (
				39823D5417051D0400B67620 /* UIKit.framework */,
				39823D5617051D0400B67620 /* Foundation.framework */,
				39823D5817051D0400B67620 /* CoreGraphics.framework */,
			);
			name = Frameworks;
			sourceTree = "<group>";
		};
		39823D5A17051D0400B67620 /* testApp */ = {
			isa = PBXGroup;
			children = (
				39823D6317051D0400B67620 /* AppDelegate.h */,
				39823D6417051D0400B67620 /* AppDelegate.m */,
				39823D6C17051D0400B67620 /* ViewController.h */,
				39823D6D17051D0400B67620 /* ViewController.m */,
				39823D6F17051D0400B67620 /* ViewController.xib */,
				39823D5B17051D0400B67620 /* Supporting Files */,
			);
			path = testApp;
			sourceTree = "<group>";
		};
		39823D5B17051D0400B67620 /* Supporting Files */ = {
			isa = PBXGroup;
			children = (
				39823D5C17051D0400B67620 /* testApp-Info.plist */,
				39823D5D17051D0400B67620 /* InfoPlist.strings */,
				39823D6017051D0400B67620 /* main.m */,
				39823D6217051D0400B67620 /* testApp-Prefix.pch */,
				39823D6617051D0400B67620 /* Default.png */,
				39823D6817051D0400B67620 /* Default@2x.png */,
				39823D6A17051D0400B67620 /* Default-568h@2x.png */,
			);
			name = "Supporting Files";
			sourceTree = "<group>";
		};
/* End PBXGroup section */

/* Begin PBXNativeTarget section */
		39823D5017051D0400B67620 /* testApp */ = {
			isa = PBXNativeTarget;
			buildConfigurationList = 39823D7417051D0400B67620 /* Build configuration list for PBXNativeTarget "testApp" */;
			buildPhases = (
				39823D4D17051D0400B67620 /* Sources */,
				39823D4E17051D0400B67620 /* Frameworks */,
				39823D4F17051D0400B67620 /* Resources */,
			);
			buildRules = (
			);
			dependencies = (
			);
			name = testApp;
			productName = testApp;
			productReference = 39823D5117051D0400B67620 /* testApp.app */;
			productType = "com.apple.product-type.application";
		};
/* End PBXNativeTarget section */

/* Begin PBXProject section */
		39823D4917051D0400B67620 /* Project object */ = {
			isa = PBXProject;
			attributes = {
				LastUpgradeCheck = 0460;
				ORGANIZATIONNAME = "Gawain Bracy II";
			};
			buildConfigurationList = 39823D4C17051D0400B67620 /* Build configuration list for PBXProject "testApp" */;
			compatibilityVersion = "Xcode 3.2";
			developmentRegion = English;
			hasScannedForEncodings = 0;
			knownRegions = (
				en,
			);
			mainGroup = 39823D4817051D0400B67620;
			productRefGroup = 39823D5217051D0400B67620 /* Products */;
			projectDirPath = "";
			projectRoot = "";
			targets = (
				39823D5017051D0400B67620 /* testApp */,
			);
		};
/* End PBXProject section */

/* Begin PBXResourcesBuildPhase section */
		39823D4F17051D0400B67620 /* Resources */ = {
			isa = PBXResourcesBuildPhase;
			buildActionMask = 2147483647;
			files = (
				39823D5F17051D0400B67620 /* InfoPlist.strings in Resources */,
				39823D6717051D0400B67620 /* Default.png in Resources */,
				39823D6917051D0400B67620 /* Default@2x.png in Resources */,
				39823D6B17051D0400B67620 /* Default-568h@2x.png in Resources */,
				39823D7117051D0400B67620 /* ViewController.xib in Resources */,
			);
			runOnlyForDeploymentPostprocessing = 0;
		};
/* End PBXResourcesBuildPhase section */

/* Begin PBXSourcesBuildPhase section */
		39823D4D17051D0400B67620 /* Sources */ = {
			isa = PBXSourcesBuildPhase;
			buildActionMask = 2147483647;
			files = (
				39823D6117051D0400B67620 /* main.m in Sources */,
				39823D6517051D0400B67620 /* AppDelegate.m in Sources */,
				39823D6E17051D0400B67620 /* ViewController.m in Sources */,
			);
			runOnlyForDeploymentPostprocessing = 0;
		};
/* End PBXSourcesBuildPhase section */

/* Begin PBXVariantGroup section */
		39823D5D17051D0400B67620 /* InfoPlist.strings */ = {
			isa = PBXVariantGroup;
			children = (
				39823D5E17051D0400B67620 /* en */,
			);
			name = InfoPlist.strings;
			sourceTree = "<group>";
		};
		39823D6F17051D0400B67620 /* ViewController.xib */ = {
			isa = PBXVariantGroup;
			children = (
				39823D7017051D0400B67620 /* en */,
			);
			name = ViewController.xib;
			sourceTree = "<group>";
		};
/* End PBXVariantGroup section */

/* Begin XCBuildConfiguration section */
		39823D7217051D0400B67620 /* Debug */ = {
			isa = XCBuildConfiguration;
			buildSettings = {
				ALWAYS_SEARCH_USER_PATHS = NO;
				CLANG_CXX_LANGUAGE_STANDARD = "gnu++0x";
				CLANG_CXX_LIBRARY = "libc++";
				CLANG_WARN_CONSTANT_CONVERSION = YES;
				CLANG_WARN_EMPTY_BODY = YES;
				CLANG_WARN_ENUM_CONVERSION = YES;
				CLANG_WARN_INT_CONVERSION = YES;
				CLANG_WARN__DUPLICATE_METHOD_MATCH = YES;
				"CODE_SIGN_IDENTITY[sdk=iphoneos*]" = "iPhone Developer";
				COPY_PHASE_STRIP = NO;
				GCC_C_LANGUAGE_STANDARD = gnu99;
				GCC_DYNAMIC_NO_PIC = NO;
				GCC_OPTIMIZATION_LEVEL = 0;
				GCC_PREPROCESSOR_DEFINITIONS = (
					"DEBUG=1",
					"$(inherited)",
				);
				GCC_SYMBOLS_PRIVATE_EXTERN = NO;
				GCC_WARN_ABOUT_RETURN_TYPE = YES;
				GCC_WARN_UNINITIALIZED_AUTOS = YES;
				GCC_WARN_UNUSED_VARIABLE = YES;
				IPHONEOS_DEPLOYMENT_TARGET = 6.1;
				ONLY_ACTIVE_ARCH = YES;
				SDKROOT = iphoneos;
			};
			name = Debug;
		};
		39823D7317051D0400B67620 /* Release */ = {
			isa = XCBuildConfiguration;
			buildSettings = {
				ALWAYS_SEARCH_USER_PATHS = NO;
				CLANG_CXX_LANGUAGE_STANDARD = "gnu++0x";
				CLANG_CXX_LIBRARY = "libc++";
				CLANG_WARN_CONSTANT_CONVERSION = YES;
				CLANG_WARN_EMPTY_BODY = YES;
				CLANG_WARN_ENUM_CONVERSION = YES;
				CLANG_WARN_INT_CONVERSION = YES;
				CLANG_WARN__DUPLICATE_METHOD_MATCH = YES;
				"CODE_SIGN_IDENTITY[sdk=iphoneos*]" = "iPhone Developer";
				COPY_PHASE_STRIP = YES;
				GCC_C_LANGUAGE_STANDARD = gnu99;
				GCC_WARN_ABOUT_RETURN_TYPE = YES;
				GCC_WARN_UNINITIALIZED_AUTOS = YES;
				GCC_WARN_UNUSED_VARIABLE = YES;
				IPHONEOS_DEPLOYMENT_TARGET = 6.1;
				OTHER_CFLAGS = "-DNS_BLOCK_ASSERTIONS=1";
				SDKROOT = iphoneos;
				VALIDATE_PRODUCT = YES;
			};
			name = Release;
		};
		39823D7517051D0400B67620 /* Debug */ = {
			isa = XCBuildConfiguration;
			buildSettings = {
				GCC_PRECOMPILE_PREFIX_HEADER = YES;
				GCC_PREFIX_HEADER = "testApp/testApp-Prefix.pch";
				INFOPLIST_FILE = "testApp/testApp-Info.plist";
				PRODUCT_NAME = "$(TARGET_NAME)";
				WRAPPER_EXTENSION = app;
			};
			name = Debug;
		};
		39823D7617051D0400B67620 /* Release */ = {
			isa = XCBuildConfiguration;
			buildSettings = {
				GCC_PRECOMPILE_PREFIX_HEADER = YES;
				GCC_PREFIX_HEADER = "testApp/testApp-Prefix.pch";
				INFOPLIST_FILE = "testApp/testApp-Info.plist";
				PRODUCT_NAME = "$(TARGET_NAME)";
				WRAPPER_EXTENSION = app;
			};
			name = Release;
		};
/* End XCBuildConfiguration section */

/* Begin XCConfigurationList section */
		39823D4C17051D0400B67620 /* Build configuration list for PBXProject "testApp" */ = {
			isa = XCConfigurationList;
			buildConfigurations = (
				39823D7217051D0400B67620 /* Debug */,
				39823D7317051D0400B67620 /* Release */,
			);
			defaultConfigurationIsVisible = 0;
			defaultConfigurationName = Release;
		};
		39823D7417051D0400B67620 /* Build configuration list for PBXNativeTarget "testApp" */ = {
			isa = XCConfigurationList;
			buildConfigurations = (
				39823D7517051D0400B67620 /* Debug */,
				39823D7617051D0400B67620 /* Release */,
			);
			defaultConfigurationIsVisible = 0;
		};
/* End XCConfigurationList section */
	};
	rootObject = 39823D4917051D0400B67620 /* Project object */;
}
