// !$*UTF8*$!
{
	archiveVersion = 1;
	classes = {
	};
	objectVersion = 46;
	objects = {

/* Begin PBXBuildFile section */
		394DE5AE165F1DB100DB18C6 /* UIKit.framework in Frameworks */ = {isa = PBXBuildFile; fileRef = 394DE5AD165F1DB100DB18C6 /* UIKit.framework */; };
		394DE5B0165F1DB100DB18C6 /* Foundation.framework in Frameworks */ = {isa = PBXBuildFile; fileRef = 394DE5AF165F1DB100DB18C6 /* Foundation.framework */; };
		394DE5B2165F1DB100DB18C6 /* CoreGraphics.framework in Frameworks */ = {isa = PBXBuildFile; fileRef = 394DE5B1165F1DB100DB18C6 /* CoreGraphics.framework */; };
		394DE5B8165F1DB100DB18C6 /* InfoPlist.strings in Resources */ = {isa = PBXBuildFile; fileRef = 394DE5B6165F1DB100DB18C6 /* InfoPlist.strings */; };
		394DE5BA165F1DB100DB18C6 /* main.m in Sources */ = {isa = PBXBuildFile; fileRef = 394DE5B9165F1DB100DB18C6 /* main.m */; };
		394DE5BE165F1DB100DB18C6 /* AppDelegate.m in Sources */ = {isa = PBXBuildFile; fileRef = 394DE5BD165F1DB100DB18C6 /* AppDelegate.m */; };
		394DE5C0165F1DB100DB18C6 /* Default.png in Resources */ = {isa = PBXBuildFile; fileRef = 394DE5BF165F1DB100DB18C6 /* Default.png */; };
		394DE5C2165F1DB100DB18C6 /* Default@2x.png in Resources */ = {isa = PBXBuildFile; fileRef = 394DE5C1165F1DB100DB18C6 /* Default@2x.png */; };
		394DE5C4165F1DB100DB18C6 /* Default-568h@2x.png in Resources */ = {isa = PBXBuildFile; fileRef = 394DE5C3165F1DB100DB18C6 /* Default-568h@2x.png */; };
		394DE5C7165F1DB100DB18C6 /* MasterViewController.m in Sources */ = {isa = PBXBuildFile; fileRef = 394DE5C6165F1DB100DB18C6 /* MasterViewController.m */; };
		394DE5CA165F1DB100DB18C6 /* DetailViewController.m in Sources */ = {isa = PBXBuildFile; fileRef = 394DE5C9165F1DB100DB18C6 /* DetailViewController.m */; };
		394DE5CD165F1DB100DB18C6 /* MasterViewController.xib in Resources */ = {isa = PBXBuildFile; fileRef = 394DE5CB165F1DB100DB18C6 /* MasterViewController.xib */; };
		394DE5D0165F1DB100DB18C6 /* DetailViewController.xib in Resources */ = {isa = PBXBuildFile; fileRef = 394DE5CE165F1DB100DB18C6 /* DetailViewController.xib */; };
/* End PBXBuildFile section */

/* Begin PBXFileReference section */
		394DE5A9165F1DB100DB18C6 /* masterDetail.app */ = {isa = PBXFileReference; explicitFileType = wrapper.application; includeInIndex = 0; path = masterDetail.app; sourceTree = BUILT_PRODUCTS_DIR; };
		394DE5AD165F1DB100DB18C6 /* UIKit.framework */ = {isa = PBXFileReference; lastKnownFileType = wrapper.framework; name = UIKit.framework; path = System/Library/Frameworks/UIKit.framework; sourceTree = SDKROOT; };
		394DE5AF165F1DB100DB18C6 /* Foundation.framework */ = {isa = PBXFileReference; lastKnownFileType = wrapper.framework; name = Foundation.framework; path = System/Library/Frameworks/Foundation.framework; sourceTree = SDKROOT; };
		394DE5B1165F1DB100DB18C6 /* CoreGraphics.framework */ = {isa = PBXFileReference; lastKnownFileType = wrapper.framework; name = CoreGraphics.framework; path = System/Library/Frameworks/CoreGraphics.framework; sourceTree = SDKROOT; };
		394DE5B5165F1DB100DB18C6 /* masterDetail-Info.plist */ = {isa = PBXFileReference; lastKnownFileType = text.plist.xml; path = "masterDetail-Info.plist"; sourceTree = "<group>"; };
		394DE5B7165F1DB100DB18C6 /* en */ = {isa = PBXFileReference; lastKnownFileType = text.plist.strings; name = en; path = en.lproj/InfoPlist.strings; sourceTree = "<group>"; };
		394DE5B9165F1DB100DB18C6 /* main.m */ = {isa = PBXFileReference; lastKnownFileType = sourcecode.c.objc; path = main.m; sourceTree = "<group>"; };
		394DE5BB165F1DB100DB18C6 /* masterDetail-Prefix.pch */ = {isa = PBXFileReference; lastKnownFileType = sourcecode.c.h; path = "masterDetail-Prefix.pch"; sourceTree = "<group>"; };
		394DE5BC165F1DB100DB18C6 /* AppDelegate.h */ = {isa = PBXFileReference; lastKnownFileType = sourcecode.c.h; path = AppDelegate.h; sourceTree = "<group>"; };
		394DE5BD165F1DB100DB18C6 /* AppDelegate.m */ = {isa = PBXFileReference; lastKnownFileType = sourcecode.c.objc; path = AppDelegate.m; sourceTree = "<group>"; };
		394DE5BF165F1DB100DB18C6 /* Default.png */ = {isa = PBXFileReference; lastKnownFileType = image.png; path = Default.png; sourceTree = "<group>"; };
		394DE5C1165F1DB100DB18C6 /* Default@2x.png */ = {isa = PBXFileReference; lastKnownFileType = image.png; path = "Default@2x.png"; sourceTree = "<group>"; };
		394DE5C3165F1DB100DB18C6 /* Default-568h@2x.png */ = {isa = PBXFileReference; lastKnownFileType = image.png; path = "Default-568h@2x.png"; sourceTree = "<group>"; };
		394DE5C5165F1DB100DB18C6 /* MasterViewController.h */ = {isa = PBXFileReference; lastKnownFileType = sourcecode.c.h; path = MasterViewController.h; sourceTree = "<group>"; };
		394DE5C6165F1DB100DB18C6 /* MasterViewController.m */ = {isa = PBXFileReference; lastKnownFileType = sourcecode.c.objc; path = MasterViewController.m; sourceTree = "<group>"; };
		394DE5C8165F1DB100DB18C6 /* DetailViewController.h */ = {isa = PBXFileReference; lastKnownFileType = sourcecode.c.h; path = DetailViewController.h; sourceTree = "<group>"; };
		394DE5C9165F1DB100DB18C6 /* DetailViewController.m */ = {isa = PBXFileReference; lastKnownFileType = sourcecode.c.objc; path = DetailViewController.m; sourceTree = "<group>"; };
		394DE5CC165F1DB100DB18C6 /* en */ = {isa = PBXFileReference; lastKnownFileType = file.xib; name = en; path = en.lproj/MasterViewController.xib; sourceTree = "<group>"; };
		394DE5CF165F1DB100DB18C6 /* en */ = {isa = PBXFileReference; lastKnownFileType = file.xib; name = en; path = en.lproj/DetailViewController.xib; sourceTree = "<group>"; };
/* End PBXFileReference section */

/* Begin PBXFrameworksBuildPhase section */
		394DE5A6165F1DB100DB18C6 /* Frameworks */ = {
			isa = PBXFrameworksBuildPhase;
			buildActionMask = 2147483647;
			files = (
				394DE5AE165F1DB100DB18C6 /* UIKit.framework in Frameworks */,
				394DE5B0165F1DB100DB18C6 /* Foundation.framework in Frameworks */,
				394DE5B2165F1DB100DB18C6 /* CoreGraphics.framework in Frameworks */,
			);
			runOnlyForDeploymentPostprocessing = 0;
		};
/* End PBXFrameworksBuildPhase section */

/* Begin PBXGroup section */
		394DE59E165F1DB100DB18C6 = {
			isa = PBXGroup;
			children = (
				394DE5B3165F1DB100DB18C6 /* masterDetail */,
				394DE5AC165F1DB100DB18C6 /* Frameworks */,
				394DE5AA165F1DB100DB18C6 /* Products */,
			);
			sourceTree = "<group>";
		};
		394DE5AA165F1DB100DB18C6 /* Products */ = {
			isa = PBXGroup;
			children = (
				394DE5A9165F1DB100DB18C6 /* masterDetail.app */,
			);
			name = Products;
			sourceTree = "<group>";
		};
		394DE5AC165F1DB100DB18C6 /* Frameworks */ = {
			isa = PBXGroup;
			children = (
				394DE5AD165F1DB100DB18C6 /* UIKit.framework */,
				394DE5AF165F1DB100DB18C6 /* Foundation.framework */,
				394DE5B1165F1DB100DB18C6 /* CoreGraphics.framework */,
			);
			name = Frameworks;
			sourceTree = "<group>";
		};
		394DE5B3165F1DB100DB18C6 /* masterDetail */ = {
			isa = PBXGroup;
			children = (
				394DE5BC165F1DB100DB18C6 /* AppDelegate.h */,
				394DE5BD165F1DB100DB18C6 /* AppDelegate.m */,
				394DE5C5165F1DB100DB18C6 /* MasterViewController.h */,
				394DE5C6165F1DB100DB18C6 /* MasterViewController.m */,
				394DE5C8165F1DB100DB18C6 /* DetailViewController.h */,
				394DE5C9165F1DB100DB18C6 /* DetailViewController.m */,
				394DE5CB165F1DB100DB18C6 /* MasterViewController.xib */,
				394DE5CE165F1DB100DB18C6 /* DetailViewController.xib */,
				394DE5B4165F1DB100DB18C6 /* Supporting Files */,
			);
			path = masterDetail;
			sourceTree = "<group>";
		};
		394DE5B4165F1DB100DB18C6 /* Supporting Files */ = {
			isa = PBXGroup;
			children = (
				394DE5B5165F1DB100DB18C6 /* masterDetail-Info.plist */,
				394DE5B6165F1DB100DB18C6 /* InfoPlist.strings */,
				394DE5B9165F1DB100DB18C6 /* main.m */,
				394DE5BB165F1DB100DB18C6 /* masterDetail-Prefix.pch */,
				394DE5BF165F1DB100DB18C6 /* Default.png */,
				394DE5C1165F1DB100DB18C6 /* Default@2x.png */,
				394DE5C3165F1DB100DB18C6 /* Default-568h@2x.png */,
			);
			name = "Supporting Files";
			sourceTree = "<group>";
		};
/* End PBXGroup section */

/* Begin PBXNativeTarget section */
		394DE5A8165F1DB100DB18C6 /* masterDetail */ = {
			isa = PBXNativeTarget;
			buildConfigurationList = 394DE5D3165F1DB100DB18C6 /* Build configuration list for PBXNativeTarget "masterDetail" */;
			buildPhases = (
				394DE5A5165F1DB100DB18C6 /* Sources */,
				394DE5A6165F1DB100DB18C6 /* Frameworks */,
				394DE5A7165F1DB100DB18C6 /* Resources */,
			);
			buildRules = (
			);
			dependencies = (
			);
			name = masterDetail;
			productName = masterDetail;
			productReference = 394DE5A9165F1DB100DB18C6 /* masterDetail.app */;
			productType = "com.apple.product-type.application";
		};
/* End PBXNativeTarget section */

/* Begin PBXProject section */
		394DE5A0165F1DB100DB18C6 /* Project object */ = {
			isa = PBXProject;
			attributes = {
				LastUpgradeCheck = 0450;
				ORGANIZATIONNAME = "Gawain Bracy II";
			};
			buildConfigurationList = 394DE5A3165F1DB100DB18C6 /* Build configuration list for PBXProject "masterDetail" */;
			compatibilityVersion = "Xcode 3.2";
			developmentRegion = English;
			hasScannedForEncodings = 0;
			knownRegions = (
				en,
			);
			mainGroup = 394DE59E165F1DB100DB18C6;
			productRefGroup = 394DE5AA165F1DB100DB18C6 /* Products */;
			projectDirPath = "";
			projectRoot = "";
			targets = (
				394DE5A8165F1DB100DB18C6 /* masterDetail */,
			);
		};
/* End PBXProject section */

/* Begin PBXResourcesBuildPhase section */
		394DE5A7165F1DB100DB18C6 /* Resources */ = {
			isa = PBXResourcesBuildPhase;
			buildActionMask = 2147483647;
			files = (
				394DE5B8165F1DB100DB18C6 /* InfoPlist.strings in Resources */,
				394DE5C0165F1DB100DB18C6 /* Default.png in Resources */,
				394DE5C2165F1DB100DB18C6 /* Default@2x.png in Resources */,
				394DE5C4165F1DB100DB18C6 /* Default-568h@2x.png in Resources */,
				394DE5CD165F1DB100DB18C6 /* MasterViewController.xib in Resources */,
				394DE5D0165F1DB100DB18C6 /* DetailViewController.xib in Resources */,
			);
			runOnlyForDeploymentPostprocessing = 0;
		};
/* End PBXResourcesBuildPhase section */

/* Begin PBXSourcesBuildPhase section */
		394DE5A5165F1DB100DB18C6 /* Sources */ = {
			isa = PBXSourcesBuildPhase;
			buildActionMask = 2147483647;
			files = (
				394DE5BA165F1DB100DB18C6 /* main.m in Sources */,
				394DE5BE165F1DB100DB18C6 /* AppDelegate.m in Sources */,
				394DE5C7165F1DB100DB18C6 /* MasterViewController.m in Sources */,
				394DE5CA165F1DB100DB18C6 /* DetailViewController.m in Sources */,
			);
			runOnlyForDeploymentPostprocessing = 0;
		};
/* End PBXSourcesBuildPhase section */

/* Begin PBXVariantGroup section */
		394DE5B6165F1DB100DB18C6 /* InfoPlist.strings */ = {
			isa = PBXVariantGroup;
			children = (
				394DE5B7165F1DB100DB18C6 /* en */,
			);
			name = InfoPlist.strings;
			sourceTree = "<group>";
		};
		394DE5CB165F1DB100DB18C6 /* MasterViewController.xib */ = {
			isa = PBXVariantGroup;
			children = (
				394DE5CC165F1DB100DB18C6 /* en */,
			);
			name = MasterViewController.xib;
			sourceTree = "<group>";
		};
		394DE5CE165F1DB100DB18C6 /* DetailViewController.xib */ = {
			isa = PBXVariantGroup;
			children = (
				394DE5CF165F1DB100DB18C6 /* en */,
			);
			name = DetailViewController.xib;
			sourceTree = "<group>";
		};
/* End PBXVariantGroup section */

/* Begin XCBuildConfiguration section */
		394DE5D1165F1DB100DB18C6 /* Debug */ = {
			isa = XCBuildConfiguration;
			buildSettings = {
				ALWAYS_SEARCH_USER_PATHS = NO;
				CLANG_CXX_LANGUAGE_STANDARD = "gnu++0x";
				CLANG_CXX_LIBRARY = "libc++";
				CLANG_WARN_EMPTY_BODY = YES;
				CLANG_WARN__DUPLICATE_METHOD_MATCH = YES;
				"CODE_SIGN_IDENTITY[sdk=iphoneos*]" = "iPhone Developer";
				COPY_PHASE_STRIP = NO;
				GCC_C_LANGUAGE_STANDARD = gnu99;
				GCC_DYNAMIC_NO_PIC = NO;
				GCC_OPTIMIZATION_LEVEL = 0;
				GCC_PREPROCESSOR_DEFINITIONS = (
					"DEBUG=1",
					"$(inherited)",
				);
				GCC_SYMBOLS_PRIVATE_EXTERN = NO;
				GCC_WARN_ABOUT_RETURN_TYPE = YES;
				GCC_WARN_UNINITIALIZED_AUTOS = YES;
				GCC_WARN_UNUSED_VARIABLE = YES;
				IPHONEOS_DEPLOYMENT_TARGET = 6.0;
				ONLY_ACTIVE_ARCH = YES;
				SDKROOT = iphoneos;
				TARGETED_DEVICE_FAMILY = 2;
			};
			name = Debug;
		};
		394DE5D2165F1DB100DB18C6 /* Release */ = {
			isa = XCBuildConfiguration;
			buildSettings = {
				ALWAYS_SEARCH_USER_PATHS = NO;
				CLANG_CXX_LANGUAGE_STANDARD = "gnu++0x";
				CLANG_CXX_LIBRARY = "libc++";
				CLANG_WARN_EMPTY_BODY = YES;
				CLANG_WARN__DUPLICATE_METHOD_MATCH = YES;
				"CODE_SIGN_IDENTITY[sdk=iphoneos*]" = "iPhone Developer";
				COPY_PHASE_STRIP = YES;
				GCC_C_LANGUAGE_STANDARD = gnu99;
				GCC_WARN_ABOUT_RETURN_TYPE = YES;
				GCC_WARN_UNINITIALIZED_AUTOS = YES;
				GCC_WARN_UNUSED_VARIABLE = YES;
				IPHONEOS_DEPLOYMENT_TARGET = 6.0;
				OTHER_CFLAGS = "-DNS_BLOCK_ASSERTIONS=1";
				SDKROOT = iphoneos;
				TARGETED_DEVICE_FAMILY = 2;
				VALIDATE_PRODUCT = YES;
			};
			name = Release;
		};
		394DE5D4165F1DB100DB18C6 /* Debug */ = {
			isa = XCBuildConfiguration;
			buildSettings = {
				GCC_PRECOMPILE_PREFIX_HEADER = YES;
				GCC_PREFIX_HEADER = "masterDetail/masterDetail-Prefix.pch";
				INFOPLIST_FILE = "masterDetail/masterDetail-Info.plist";
				PRODUCT_NAME = "$(TARGET_NAME)";
				WRAPPER_EXTENSION = app;
			};
			name = Debug;
		};
		394DE5D5165F1DB100DB18C6 /* Release */ = {
			isa = XCBuildConfiguration;
			buildSettings = {
				GCC_PRECOMPILE_PREFIX_HEADER = YES;
				GCC_PREFIX_HEADER = "masterDetail/masterDetail-Prefix.pch";
				INFOPLIST_FILE = "masterDetail/masterDetail-Info.plist";
				PRODUCT_NAME = "$(TARGET_NAME)";
				WRAPPER_EXTENSION = app;
			};
			name = Release;
		};
/* End XCBuildConfiguration section */

/* Begin XCConfigurationList section */
		394DE5A3165F1DB100DB18C6 /* Build configuration list for PBXProject "masterDetail" */ = {
			isa = XCConfigurationList;
			buildConfigurations = (
				394DE5D1165F1DB100DB18C6 /* Debug */,
				394DE5D2165F1DB100DB18C6 /* Release */,
			);
			defaultConfigurationIsVisible = 0;
			defaultConfigurationName = Release;
		};
		394DE5D3165F1DB100DB18C6 /* Build configuration list for PBXNativeTarget "masterDetail" */ = {
			isa = XCConfigurationList;
			buildConfigurations = (
				394DE5D4165F1DB100DB18C6 /* Debug */,
				394DE5D5165F1DB100DB18C6 /* Release */,
			);
			defaultConfigurationIsVisible = 0;
		};
/* End XCConfigurationList section */
	};
	rootObject = 394DE5A0165F1DB100DB18C6 /* Project object */;
}
