// !$*UTF8*$!
{
	archiveVersion = 1;
	classes = {
	};
	objectVersion = 46;
	objects = {

/* Begin PBXBuildFile section */
		39C39A15165DD4BA003EADA8 /* UIKit.framework in Frameworks */ = {isa = PBXBuildFile; fileRef = 39C39A14165DD4BA003EADA8 /* UIKit.framework */; };
		39C39A17165DD4BA003EADA8 /* Foundation.framework in Frameworks */ = {isa = PBXBuildFile; fileRef = 39C39A16165DD4BA003EADA8 /* Foundation.framework */; };
		39C39A19165DD4BA003EADA8 /* CoreGraphics.framework in Frameworks */ = {isa = PBXBuildFile; fileRef = 39C39A18165DD4BA003EADA8 /* CoreGraphics.framework */; };
		39C39A1F165DD4BA003EADA8 /* InfoPlist.strings in Resources */ = {isa = PBXBuildFile; fileRef = 39C39A1D165DD4BA003EADA8 /* InfoPlist.strings */; };
		39C39A21165DD4BA003EADA8 /* main.m in Sources */ = {isa = PBXBuildFile; fileRef = 39C39A20165DD4BA003EADA8 /* main.m */; };
		39C39A25165DD4BA003EADA8 /* AppDelegate.m in Sources */ = {isa = PBXBuildFile; fileRef = 39C39A24165DD4BA003EADA8 /* AppDelegate.m */; };
		39C39A27165DD4BA003EADA8 /* Default.png in Resources */ = {isa = PBXBuildFile; fileRef = 39C39A26165DD4BA003EADA8 /* Default.png */; };
		39C39A29165DD4BB003EADA8 /* Default@2x.png in Resources */ = {isa = PBXBuildFile; fileRef = 39C39A28165DD4BB003EADA8 /* Default@2x.png */; };
		39C39A2B165DD4BB003EADA8 /* Default-568h@2x.png in Resources */ = {isa = PBXBuildFile; fileRef = 39C39A2A165DD4BB003EADA8 /* Default-568h@2x.png */; };
		39C39A2E165DD4BB003EADA8 /* ViewController.m in Sources */ = {isa = PBXBuildFile; fileRef = 39C39A2D165DD4BB003EADA8 /* ViewController.m */; };
		39C39A31165DD4BB003EADA8 /* ViewController.xib in Resources */ = {isa = PBXBuildFile; fileRef = 39C39A2F165DD4BB003EADA8 /* ViewController.xib */; };
/* End PBXBuildFile section */

/* Begin PBXFileReference section */
		39C39A10165DD4BA003EADA8 /* singleviewtext.app */ = {isa = PBXFileReference; explicitFileType = wrapper.application; includeInIndex = 0; path = singleviewtext.app; sourceTree = BUILT_PRODUCTS_DIR; };
		39C39A14165DD4BA003EADA8 /* UIKit.framework */ = {isa = PBXFileReference; lastKnownFileType = wrapper.framework; name = UIKit.framework; path = System/Library/Frameworks/UIKit.framework; sourceTree = SDKROOT; };
		39C39A16165DD4BA003EADA8 /* Foundation.framework */ = {isa = PBXFileReference; lastKnownFileType = wrapper.framework; name = Foundation.framework; path = System/Library/Frameworks/Foundation.framework; sourceTree = SDKROOT; };
		39C39A18165DD4BA003EADA8 /* CoreGraphics.framework */ = {isa = PBXFileReference; lastKnownFileType = wrapper.framework; name = CoreGraphics.framework; path = System/Library/Frameworks/CoreGraphics.framework; sourceTree = SDKROOT; };
		39C39A1C165DD4BA003EADA8 /* singleviewtext-Info.plist */ = {isa = PBXFileReference; lastKnownFileType = text.plist.xml; path = "singleviewtext-Info.plist"; sourceTree = "<group>"; };
		39C39A1E165DD4BA003EADA8 /* en */ = {isa = PBXFileReference; lastKnownFileType = text.plist.strings; name = en; path = en.lproj/InfoPlist.strings; sourceTree = "<group>"; };
		39C39A20165DD4BA003EADA8 /* main.m */ = {isa = PBXFileReference; lastKnownFileType = sourcecode.c.objc; path = main.m; sourceTree = "<group>"; };
		39C39A22165DD4BA003EADA8 /* singleviewtext-Prefix.pch */ = {isa = PBXFileReference; lastKnownFileType = sourcecode.c.h; path = "singleviewtext-Prefix.pch"; sourceTree = "<group>"; };
		39C39A23165DD4BA003EADA8 /* AppDelegate.h */ = {isa = PBXFileReference; lastKnownFileType = sourcecode.c.h; path = AppDelegate.h; sourceTree = "<group>"; };
		39C39A24165DD4BA003EADA8 /* AppDelegate.m */ = {isa = PBXFileReference; lastKnownFileType = sourcecode.c.objc; path = AppDelegate.m; sourceTree = "<group>"; };
		39C39A26165DD4BA003EADA8 /* Default.png */ = {isa = PBXFileReference; lastKnownFileType = image.png; path = Default.png; sourceTree = "<group>"; };
		39C39A28165DD4BB003EADA8 /* Default@2x.png */ = {isa = PBXFileReference; lastKnownFileType = image.png; path = "Default@2x.png"; sourceTree = "<group>"; };
		39C39A2A165DD4BB003EADA8 /* Default-568h@2x.png */ = {isa = PBXFileReference; lastKnownFileType = image.png; path = "Default-568h@2x.png"; sourceTree = "<group>"; };
		39C39A2C165DD4BB003EADA8 /* ViewController.h */ = {isa = PBXFileReference; lastKnownFileType = sourcecode.c.h; path = ViewController.h; sourceTree = "<group>"; };
		39C39A2D165DD4BB003EADA8 /* ViewController.m */ = {isa = PBXFileReference; lastKnownFileType = sourcecode.c.objc; path = ViewController.m; sourceTree = "<group>"; };
		39C39A30165DD4BB003EADA8 /* en */ = {isa = PBXFileReference; lastKnownFileType = file.xib; name = en; path = en.lproj/ViewController.xib; sourceTree = "<group>"; };
/* End PBXFileReference section */

/* Begin PBXFrameworksBuildPhase section */
		39C39A0D165DD4BA003EADA8 /* Frameworks */ = {
			isa = PBXFrameworksBuildPhase;
			buildActionMask = 2147483647;
			files = (
				39C39A15165DD4BA003EADA8 /* UIKit.framework in Frameworks */,
				39C39A17165DD4BA003EADA8 /* Foundation.framework in Frameworks */,
				39C39A19165DD4BA003EADA8 /* CoreGraphics.framework in Frameworks */,
			);
			runOnlyForDeploymentPostprocessing = 0;
		};
/* End PBXFrameworksBuildPhase section */

/* Begin PBXGroup section */
		39C39A05165DD4BA003EADA8 = {
			isa = PBXGroup;
			children = (
				39C39A1A165DD4BA003EADA8 /* singleviewtext */,
				39C39A13165DD4BA003EADA8 /* Frameworks */,
				39C39A11165DD4BA003EADA8 /* Products */,
			);
			sourceTree = "<group>";
		};
		39C39A11165DD4BA003EADA8 /* Products */ = {
			isa = PBXGroup;
			children = (
				39C39A10165DD4BA003EADA8 /* singleviewtext.app */,
			);
			name = Products;
			sourceTree = "<group>";
		};
		39C39A13165DD4BA003EADA8 /* Frameworks */ = {
			isa = PBXGroup;
			children = (
				39C39A14165DD4BA003EADA8 /* UIKit.framework */,
				39C39A16165DD4BA003EADA8 /* Foundation.framework */,
				39C39A18165DD4BA003EADA8 /* CoreGraphics.framework */,
			);
			name = Frameworks;
			sourceTree = "<group>";
		};
		39C39A1A165DD4BA003EADA8 /* singleviewtext */ = {
			isa = PBXGroup;
			children = (
				39C39A23165DD4BA003EADA8 /* AppDelegate.h */,
				39C39A24165DD4BA003EADA8 /* AppDelegate.m */,
				39C39A2C165DD4BB003EADA8 /* ViewController.h */,
				39C39A2D165DD4BB003EADA8 /* ViewController.m */,
				39C39A2F165DD4BB003EADA8 /* ViewController.xib */,
				39C39A1B165DD4BA003EADA8 /* Supporting Files */,
			);
			path = singleviewtext;
			sourceTree = "<group>";
		};
		39C39A1B165DD4BA003EADA8 /* Supporting Files */ = {
			isa = PBXGroup;
			children = (
				39C39A1C165DD4BA003EADA8 /* singleviewtext-Info.plist */,
				39C39A1D165DD4BA003EADA8 /* InfoPlist.strings */,
				39C39A20165DD4BA003EADA8 /* main.m */,
				39C39A22165DD4BA003EADA8 /* singleviewtext-Prefix.pch */,
				39C39A26165DD4BA003EADA8 /* Default.png */,
				39C39A28165DD4BB003EADA8 /* Default@2x.png */,
				39C39A2A165DD4BB003EADA8 /* Default-568h@2x.png */,
			);
			name = "Supporting Files";
			sourceTree = "<group>";
		};
/* End PBXGroup section */

/* Begin PBXNativeTarget section */
		39C39A0F165DD4BA003EADA8 /* singleviewtext */ = {
			isa = PBXNativeTarget;
			buildConfigurationList = 39C39A34165DD4BB003EADA8 /* Build configuration list for PBXNativeTarget "singleviewtext" */;
			buildPhases = (
				39C39A0C165DD4BA003EADA8 /* Sources */,
				39C39A0D165DD4BA003EADA8 /* Frameworks */,
				39C39A0E165DD4BA003EADA8 /* Resources */,
			);
			buildRules = (
			);
			dependencies = (
			);
			name = singleviewtext;
			productName = singleviewtext;
			productReference = 39C39A10165DD4BA003EADA8 /* singleviewtext.app */;
			productType = "com.apple.product-type.application";
		};
/* End PBXNativeTarget section */

/* Begin PBXProject section */
		39C39A07165DD4BA003EADA8 /* Project object */ = {
			isa = PBXProject;
			attributes = {
				LastUpgradeCheck = 0450;
				ORGANIZATIONNAME = "Gawain Bracy II";
			};
			buildConfigurationList = 39C39A0A165DD4BA003EADA8 /* Build configuration list for PBXProject "singleviewtext" */;
			compatibilityVersion = "Xcode 3.2";
			developmentRegion = English;
			hasScannedForEncodings = 0;
			knownRegions = (
				en,
			);
			mainGroup = 39C39A05165DD4BA003EADA8;
			productRefGroup = 39C39A11165DD4BA003EADA8 /* Products */;
			projectDirPath = "";
			projectRoot = "";
			targets = (
				39C39A0F165DD4BA003EADA8 /* singleviewtext */,
			);
		};
/* End PBXProject section */

/* Begin PBXResourcesBuildPhase section */
		39C39A0E165DD4BA003EADA8 /* Resources */ = {
			isa = PBXResourcesBuildPhase;
			buildActionMask = 2147483647;
			files = (
				39C39A1F165DD4BA003EADA8 /* InfoPlist.strings in Resources */,
				39C39A27165DD4BA003EADA8 /* Default.png in Resources */,
				39C39A29165DD4BB003EADA8 /* Default@2x.png in Resources */,
				39C39A2B165DD4BB003EADA8 /* Default-568h@2x.png in Resources */,
				39C39A31165DD4BB003EADA8 /* ViewController.xib in Resources */,
			);
			runOnlyForDeploymentPostprocessing = 0;
		};
/* End PBXResourcesBuildPhase section */

/* Begin PBXSourcesBuildPhase section */
		39C39A0C165DD4BA003EADA8 /* Sources */ = {
			isa = PBXSourcesBuildPhase;
			buildActionMask = 2147483647;
			files = (
				39C39A21165DD4BA003EADA8 /* main.m in Sources */,
				39C39A25165DD4BA003EADA8 /* AppDelegate.m in Sources */,
				39C39A2E165DD4BB003EADA8 /* ViewController.m in Sources */,
			);
			runOnlyForDeploymentPostprocessing = 0;
		};
/* End PBXSourcesBuildPhase section */

/* Begin PBXVariantGroup section */
		39C39A1D165DD4BA003EADA8 /* InfoPlist.strings */ = {
			isa = PBXVariantGroup;
			children = (
				39C39A1E165DD4BA003EADA8 /* en */,
			);
			name = InfoPlist.strings;
			sourceTree = "<group>";
		};
		39C39A2F165DD4BB003EADA8 /* ViewController.xib */ = {
			isa = PBXVariantGroup;
			children = (
				39C39A30165DD4BB003EADA8 /* en */,
			);
			name = ViewController.xib;
			sourceTree = "<group>";
		};
/* End PBXVariantGroup section */

/* Begin XCBuildConfiguration section */
		39C39A32165DD4BB003EADA8 /* Debug */ = {
			isa = XCBuildConfiguration;
			buildSettings = {
				ALWAYS_SEARCH_USER_PATHS = NO;
				CLANG_CXX_LANGUAGE_STANDARD = "gnu++0x";
				CLANG_CXX_LIBRARY = "libc++";
				CLANG_ENABLE_OBJC_ARC = YES;
				CLANG_WARN_EMPTY_BODY = YES;
				CLANG_WARN__DUPLICATE_METHOD_MATCH = YES;
				"CODE_SIGN_IDENTITY[sdk=iphoneos*]" = "iPhone Developer";
				COPY_PHASE_STRIP = NO;
				GCC_C_LANGUAGE_STANDARD = gnu99;
				GCC_DYNAMIC_NO_PIC = NO;
				GCC_OPTIMIZATION_LEVEL = 0;
				GCC_PREPROCESSOR_DEFINITIONS = (
					"DEBUG=1",
					"$(inherited)",
				);
				GCC_SYMBOLS_PRIVATE_EXTERN = NO;
				GCC_WARN_ABOUT_RETURN_TYPE = YES;
				GCC_WARN_UNINITIALIZED_AUTOS = YES;
				GCC_WARN_UNUSED_VARIABLE = YES;
				IPHONEOS_DEPLOYMENT_TARGET = 6.0;
				ONLY_ACTIVE_ARCH = YES;
				SDKROOT = iphoneos;
			};
			name = Debug;
		};
		39C39A33165DD4BB003EADA8 /* Release */ = {
			isa = XCBuildConfiguration;
			buildSettings = {
				ALWAYS_SEARCH_USER_PATHS = NO;
				CLANG_CXX_LANGUAGE_STANDARD = "gnu++0x";
				CLANG_CXX_LIBRARY = "libc++";
				CLANG_ENABLE_OBJC_ARC = YES;
				CLANG_WARN_EMPTY_BODY = YES;
				CLANG_WARN__DUPLICATE_METHOD_MATCH = YES;
				"CODE_SIGN_IDENTITY[sdk=iphoneos*]" = "iPhone Developer";
				COPY_PHASE_STRIP = YES;
				GCC_C_LANGUAGE_STANDARD = gnu99;
				GCC_WARN_ABOUT_RETURN_TYPE = YES;
				GCC_WARN_UNINITIALIZED_AUTOS = YES;
				GCC_WARN_UNUSED_VARIABLE = YES;
				IPHONEOS_DEPLOYMENT_TARGET = 6.0;
				OTHER_CFLAGS = "-DNS_BLOCK_ASSERTIONS=1";
				SDKROOT = iphoneos;
				VALIDATE_PRODUCT = YES;
			};
			name = Release;
		};
		39C39A35165DD4BB003EADA8 /* Debug */ = {
			isa = XCBuildConfiguration;
			buildSettings = {
				GCC_PRECOMPILE_PREFIX_HEADER = YES;
				GCC_PREFIX_HEADER = "singleviewtext/singleviewtext-Prefix.pch";
				INFOPLIST_FILE = "singleviewtext/singleviewtext-Info.plist";
				PRODUCT_NAME = "$(TARGET_NAME)";
				WRAPPER_EXTENSION = app;
			};
			name = Debug;
		};
		39C39A36165DD4BB003EADA8 /* Release */ = {
			isa = XCBuildConfiguration;
			buildSettings = {
				GCC_PRECOMPILE_PREFIX_HEADER = YES;
				GCC_PREFIX_HEADER = "singleviewtext/singleviewtext-Prefix.pch";
				INFOPLIST_FILE = "singleviewtext/singleviewtext-Info.plist";
				PRODUCT_NAME = "$(TARGET_NAME)";
				WRAPPER_EXTENSION = app;
			};
			name = Release;
		};
/* End XCBuildConfiguration section */

/* Begin XCConfigurationList section */
		39C39A0A165DD4BA003EADA8 /* Build configuration list for PBXProject "singleviewtext" */ = {
			isa = XCConfigurationList;
			buildConfigurations = (
				39C39A32165DD4BB003EADA8 /* Debug */,
				39C39A33165DD4BB003EADA8 /* Release */,
			);
			defaultConfigurationIsVisible = 0;
			defaultConfigurationName = Release;
		};
		39C39A34165DD4BB003EADA8 /* Build configuration list for PBXNativeTarget "singleviewtext" */ = {
			isa = XCConfigurationList;
			buildConfigurations = (
				39C39A35165DD4BB003EADA8 /* Debug */,
				39C39A36165DD4BB003EADA8 /* Release */,
			);
			defaultConfigurationIsVisible = 0;
		};
/* End XCConfigurationList section */
	};
	rootObject = 39C39A07165DD4BA003EADA8 /* Project object */;
}
