// !$*UTF8*$!
{
	archiveVersion = 1;
	classes = {
	};
	objectVersion = 46;
	objects = {

/* Begin PBXBuildFile section */
		39C399E9165DD43A003EADA8 /* UIKit.framework in Frameworks */ = {isa = PBXBuildFile; fileRef = 39C399E8165DD43A003EADA8 /* UIKit.framework */; };
		39C399EB165DD43A003EADA8 /* Foundation.framework in Frameworks */ = {isa = PBXBuildFile; fileRef = 39C399EA165DD43A003EADA8 /* Foundation.framework */; };
		39C399ED165DD43A003EADA8 /* CoreGraphics.framework in Frameworks */ = {isa = PBXBuildFile; fileRef = 39C399EC165DD43A003EADA8 /* CoreGraphics.framework */; };
		39C399F3165DD43A003EADA8 /* InfoPlist.strings in Resources */ = {isa = PBXBuildFile; fileRef = 39C399F1165DD43A003EADA8 /* InfoPlist.strings */; };
		39C399F5165DD43A003EADA8 /* main.m in Sources */ = {isa = PBXBuildFile; fileRef = 39C399F4165DD43A003EADA8 /* main.m */; };
		39C399F9165DD43A003EADA8 /* AppDelegate.m in Sources */ = {isa = PBXBuildFile; fileRef = 39C399F8165DD43A003EADA8 /* AppDelegate.m */; };
		39C399FB165DD43A003EADA8 /* Default.png in Resources */ = {isa = PBXBuildFile; fileRef = 39C399FA165DD43A003EADA8 /* Default.png */; };
		39C399FD165DD43A003EADA8 /* Default@2x.png in Resources */ = {isa = PBXBuildFile; fileRef = 39C399FC165DD43A003EADA8 /* Default@2x.png */; };
		39C399FF165DD43A003EADA8 /* Default-568h@2x.png in Resources */ = {isa = PBXBuildFile; fileRef = 39C399FE165DD43A003EADA8 /* Default-568h@2x.png */; };
/* End PBXBuildFile section */

/* Begin PBXFileReference section */
		39C399E4165DD43A003EADA8 /* baseApplication.app */ = {isa = PBXFileReference; explicitFileType = wrapper.application; includeInIndex = 0; path = baseApplication.app; sourceTree = BUILT_PRODUCTS_DIR; };
		39C399E8165DD43A003EADA8 /* UIKit.framework */ = {isa = PBXFileReference; lastKnownFileType = wrapper.framework; name = UIKit.framework; path = System/Library/Frameworks/UIKit.framework; sourceTree = SDKROOT; };
		39C399EA165DD43A003EADA8 /* Foundation.framework */ = {isa = PBXFileReference; lastKnownFileType = wrapper.framework; name = Foundation.framework; path = System/Library/Frameworks/Foundation.framework; sourceTree = SDKROOT; };
		39C399EC165DD43A003EADA8 /* CoreGraphics.framework */ = {isa = PBXFileReference; lastKnownFileType = wrapper.framework; name = CoreGraphics.framework; path = System/Library/Frameworks/CoreGraphics.framework; sourceTree = SDKROOT; };
		39C399F0165DD43A003EADA8 /* baseApplication-Info.plist */ = {isa = PBXFileReference; lastKnownFileType = text.plist.xml; path = "baseApplication-Info.plist"; sourceTree = "<group>"; };
		39C399F2165DD43A003EADA8 /* en */ = {isa = PBXFileReference; lastKnownFileType = text.plist.strings; name = en; path = en.lproj/InfoPlist.strings; sourceTree = "<group>"; };
		39C399F4165DD43A003EADA8 /* main.m */ = {isa = PBXFileReference; lastKnownFileType = sourcecode.c.objc; path = main.m; sourceTree = "<group>"; };
		39C399F6165DD43A003EADA8 /* baseApplication-Prefix.pch */ = {isa = PBXFileReference; lastKnownFileType = sourcecode.c.h; path = "baseApplication-Prefix.pch"; sourceTree = "<group>"; };
		39C399F7165DD43A003EADA8 /* AppDelegate.h */ = {isa = PBXFileReference; lastKnownFileType = sourcecode.c.h; path = AppDelegate.h; sourceTree = "<group>"; };
		39C399F8165DD43A003EADA8 /* AppDelegate.m */ = {isa = PBXFileReference; lastKnownFileType = sourcecode.c.objc; path = AppDelegate.m; sourceTree = "<group>"; };
		39C399FA165DD43A003EADA8 /* Default.png */ = {isa = PBXFileReference; lastKnownFileType = image.png; path = Default.png; sourceTree = "<group>"; };
		39C399FC165DD43A003EADA8 /* Default@2x.png */ = {isa = PBXFileReference; lastKnownFileType = image.png; path = "Default@2x.png"; sourceTree = "<group>"; };
		39C399FE165DD43A003EADA8 /* Default-568h@2x.png */ = {isa = PBXFileReference; lastKnownFileType = image.png; path = "Default-568h@2x.png"; sourceTree = "<group>"; };
/* End PBXFileReference section */

/* Begin PBXFrameworksBuildPhase section */
		39C399E1165DD43A003EADA8 /* Frameworks */ = {
			isa = PBXFrameworksBuildPhase;
			buildActionMask = 2147483647;
			files = (
				39C399E9165DD43A003EADA8 /* UIKit.framework in Frameworks */,
				39C399EB165DD43A003EADA8 /* Foundation.framework in Frameworks */,
				39C399ED165DD43A003EADA8 /* CoreGraphics.framework in Frameworks */,
			);
			runOnlyForDeploymentPostprocessing = 0;
		};
/* End PBXFrameworksBuildPhase section */

/* Begin PBXGroup section */
		39C399D9165DD43A003EADA8 = {
			isa = PBXGroup;
			children = (
				39C399EE165DD43A003EADA8 /* baseApplication */,
				39C399E7165DD43A003EADA8 /* Frameworks */,
				39C399E5165DD43A003EADA8 /* Products */,
			);
			sourceTree = "<group>";
		};
		39C399E5165DD43A003EADA8 /* Products */ = {
			isa = PBXGroup;
			children = (
				39C399E4165DD43A003EADA8 /* baseApplication.app */,
			);
			name = Products;
			sourceTree = "<group>";
		};
		39C399E7165DD43A003EADA8 /* Frameworks */ = {
			isa = PBXGroup;
			children = (
				39C399E8165DD43A003EADA8 /* UIKit.framework */,
				39C399EA165DD43A003EADA8 /* Foundation.framework */,
				39C399EC165DD43A003EADA8 /* CoreGraphics.framework */,
			);
			name = Frameworks;
			sourceTree = "<group>";
		};
		39C399EE165DD43A003EADA8 /* baseApplication */ = {
			isa = PBXGroup;
			children = (
				39C399F7165DD43A003EADA8 /* AppDelegate.h */,
				39C399F8165DD43A003EADA8 /* AppDelegate.m */,
				39C399EF165DD43A003EADA8 /* Supporting Files */,
			);
			path = baseApplication;
			sourceTree = "<group>";
		};
		39C399EF165DD43A003EADA8 /* Supporting Files */ = {
			isa = PBXGroup;
			children = (
				39C399F0165DD43A003EADA8 /* baseApplication-Info.plist */,
				39C399F1165DD43A003EADA8 /* InfoPlist.strings */,
				39C399F4165DD43A003EADA8 /* main.m */,
				39C399F6165DD43A003EADA8 /* baseApplication-Prefix.pch */,
				39C399FA165DD43A003EADA8 /* Default.png */,
				39C399FC165DD43A003EADA8 /* Default@2x.png */,
				39C399FE165DD43A003EADA8 /* Default-568h@2x.png */,
			);
			name = "Supporting Files";
			sourceTree = "<group>";
		};
/* End PBXGroup section */

/* Begin PBXNativeTarget section */
		39C399E3165DD43A003EADA8 /* baseApplication */ = {
			isa = PBXNativeTarget;
			buildConfigurationList = 39C39A02165DD43A003EADA8 /* Build configuration list for PBXNativeTarget "baseApplication" */;
			buildPhases = (
				39C399E0165DD43A003EADA8 /* Sources */,
				39C399E1165DD43A003EADA8 /* Frameworks */,
				39C399E2165DD43A003EADA8 /* Resources */,
			);
			buildRules = (
			);
			dependencies = (
			);
			name = baseApplication;
			productName = baseApplication;
			productReference = 39C399E4165DD43A003EADA8 /* baseApplication.app */;
			productType = "com.apple.product-type.application";
		};
/* End PBXNativeTarget section */

/* Begin PBXProject section */
		39C399DB165DD43A003EADA8 /* Project object */ = {
			isa = PBXProject;
			attributes = {
				LastUpgradeCheck = 0450;
				ORGANIZATIONNAME = "Gawain Bracy II";
			};
			buildConfigurationList = 39C399DE165DD43A003EADA8 /* Build configuration list for PBXProject "baseApplication" */;
			compatibilityVersion = "Xcode 3.2";
			developmentRegion = English;
			hasScannedForEncodings = 0;
			knownRegions = (
				en,
			);
			mainGroup = 39C399D9165DD43A003EADA8;
			productRefGroup = 39C399E5165DD43A003EADA8 /* Products */;
			projectDirPath = "";
			projectRoot = "";
			targets = (
				39C399E3165DD43A003EADA8 /* baseApplication */,
			);
		};
/* End PBXProject section */

/* Begin PBXResourcesBuildPhase section */
		39C399E2165DD43A003EADA8 /* Resources */ = {
			isa = PBXResourcesBuildPhase;
			buildActionMask = 2147483647;
			files = (
				39C399F3165DD43A003EADA8 /* InfoPlist.strings in Resources */,
				39C399FB165DD43A003EADA8 /* Default.png in Resources */,
				39C399FD165DD43A003EADA8 /* Default@2x.png in Resources */,
				39C399FF165DD43A003EADA8 /* Default-568h@2x.png in Resources */,
			);
			runOnlyForDeploymentPostprocessing = 0;
		};
/* End PBXResourcesBuildPhase section */

/* Begin PBXSourcesBuildPhase section */
		39C399E0165DD43A003EADA8 /* Sources */ = {
			isa = PBXSourcesBuildPhase;
			buildActionMask = 2147483647;
			files = (
				39C399F5165DD43A003EADA8 /* main.m in Sources */,
				39C399F9165DD43A003EADA8 /* AppDelegate.m in Sources */,
			);
			runOnlyForDeploymentPostprocessing = 0;
		};
/* End PBXSourcesBuildPhase section */

/* Begin PBXVariantGroup section */
		39C399F1165DD43A003EADA8 /* InfoPlist.strings */ = {
			isa = PBXVariantGroup;
			children = (
				39C399F2165DD43A003EADA8 /* en */,
			);
			name = InfoPlist.strings;
			sourceTree = "<group>";
		};
/* End PBXVariantGroup section */

/* Begin XCBuildConfiguration section */
		39C39A00165DD43A003EADA8 /* Debug */ = {
			isa = XCBuildConfiguration;
			buildSettings = {
				ALWAYS_SEARCH_USER_PATHS = NO;
				CLANG_CXX_LANGUAGE_STANDARD = "gnu++0x";
				CLANG_CXX_LIBRARY = "libc++";
				CLANG_ENABLE_OBJC_ARC = YES;
				CLANG_WARN_EMPTY_BODY = YES;
				CLANG_WARN__DUPLICATE_METHOD_MATCH = YES;
				"CODE_SIGN_IDENTITY[sdk=iphoneos*]" = "iPhone Developer";
				COPY_PHASE_STRIP = NO;
				GCC_C_LANGUAGE_STANDARD = gnu99;
				GCC_DYNAMIC_NO_PIC = NO;
				GCC_OPTIMIZATION_LEVEL = 0;
				GCC_PREPROCESSOR_DEFINITIONS = (
					"DEBUG=1",
					"$(inherited)",
				);
				GCC_SYMBOLS_PRIVATE_EXTERN = NO;
				GCC_WARN_ABOUT_RETURN_TYPE = YES;
				GCC_WARN_UNINITIALIZED_AUTOS = YES;
				GCC_WARN_UNUSED_VARIABLE = YES;
				IPHONEOS_DEPLOYMENT_TARGET = 6.0;
				ONLY_ACTIVE_ARCH = YES;
				SDKROOT = iphoneos;
			};
			name = Debug;
		};
		39C39A01165DD43A003EADA8 /* Release */ = {
			isa = XCBuildConfiguration;
			buildSettings = {
				ALWAYS_SEARCH_USER_PATHS = NO;
				CLANG_CXX_LANGUAGE_STANDARD = "gnu++0x";
				CLANG_CXX_LIBRARY = "libc++";
				CLANG_ENABLE_OBJC_ARC = YES;
				CLANG_WARN_EMPTY_BODY = YES;
				CLANG_WARN__DUPLICATE_METHOD_MATCH = YES;
				"CODE_SIGN_IDENTITY[sdk=iphoneos*]" = "iPhone Developer";
				COPY_PHASE_STRIP = YES;
				GCC_C_LANGUAGE_STANDARD = gnu99;
				GCC_WARN_ABOUT_RETURN_TYPE = YES;
				GCC_WARN_UNINITIALIZED_AUTOS = YES;
				GCC_WARN_UNUSED_VARIABLE = YES;
				IPHONEOS_DEPLOYMENT_TARGET = 6.0;
				OTHER_CFLAGS = "-DNS_BLOCK_ASSERTIONS=1";
				SDKROOT = iphoneos;
				VALIDATE_PRODUCT = YES;
			};
			name = Release;
		};
		39C39A03165DD43A003EADA8 /* Debug */ = {
			isa = XCBuildConfiguration;
			buildSettings = {
				GCC_PRECOMPILE_PREFIX_HEADER = YES;
				GCC_PREFIX_HEADER = "baseApplication/baseApplication-Prefix.pch";
				INFOPLIST_FILE = "baseApplication/baseApplication-Info.plist";
				PRODUCT_NAME = "$(TARGET_NAME)";
				WRAPPER_EXTENSION = app;
			};
			name = Debug;
		};
		39C39A04165DD43A003EADA8 /* Release */ = {
			isa = XCBuildConfiguration;
			buildSettings = {
				GCC_PRECOMPILE_PREFIX_HEADER = YES;
				GCC_PREFIX_HEADER = "baseApplication/baseApplication-Prefix.pch";
				INFOPLIST_FILE = "baseApplication/baseApplication-Info.plist";
				PRODUCT_NAME = "$(TARGET_NAME)";
				WRAPPER_EXTENSION = app;
			};
			name = Release;
		};
/* End XCBuildConfiguration section */

/* Begin XCConfigurationList section */
		39C399DE165DD43A003EADA8 /* Build configuration list for PBXProject "baseApplication" */ = {
			isa = XCConfigurationList;
			buildConfigurations = (
				39C39A00165DD43A003EADA8 /* Debug */,
				39C39A01165DD43A003EADA8 /* Release */,
			);
			defaultConfigurationIsVisible = 0;
			defaultConfigurationName = Release;
		};
		39C39A02165DD43A003EADA8 /* Build configuration list for PBXNativeTarget "baseApplication" */ = {
			isa = XCConfigurationList;
			buildConfigurations = (
				39C39A03165DD43A003EADA8 /* Debug */,
				39C39A04165DD43A003EADA8 /* Release */,
			);
			defaultConfigurationIsVisible = 0;
		};
/* End XCConfigurationList section */
	};
	rootObject = 39C399DB165DD43A003EADA8 /* Project object */;
}
